// !$*UTF8*$!
{
	archiveVersion = 1;
	classes = {
	};
	objectVersion = 48;
	objects = {

/* Begin PBXBuildFile section */
		486CCCF1209179FE004A3AD6 /* Assets.xcassets in Resources */ = {isa = PBXBuildFile; fileRef = 486CCCF0209179FE004A3AD6 /* Assets.xcassets */; };
		486CCCF7209179FE004A3AD6 /* main.m in Sources */ = {isa = PBXBuildFile; fileRef = 486CCCF6209179FE004A3AD6 /* main.m */; };
		486CCD0120917B87004A3AD6 /* LaunchScreen.storyboard in Resources */ = {isa = PBXBuildFile; fileRef = 486CCD0020917B87004A3AD6 /* LaunchScreen.storyboard */; };
		486CCD0C20918069004A3AD6 /* Utility.m in Sources */ = {isa = PBXBuildFile; fileRef = 486CCD0B20918069004A3AD6 /* Utility.m */; };
		486CCD132091837B004A3AD6 /* UnifiedTabBarViewController.m in Sources */ = {isa = PBXBuildFile; fileRef = 486CCD122091837B004A3AD6 /* UnifiedTabBarViewController.m */; };
		486CCD1920918449004A3AD6 /* LeftSliderViewController.m in Sources */ = {isa = PBXBuildFile; fileRef = 486CCD1820918449004A3AD6 /* LeftSliderViewController.m */; };
		486CCD1D20918488004A3AD6 /* HomeViewController.m in Sources */ = {isa = PBXBuildFile; fileRef = 486CCD1C20918488004A3AD6 /* HomeViewController.m */; };
		486CCD2020918510004A3AD6 /* Helper.m in Sources */ = {isa = PBXBuildFile; fileRef = 486CCD1F20918510004A3AD6 /* Helper.m */; };
		486CCD5D20919480004A3AD6 /* AppDelegate.m in Sources */ = {isa = PBXBuildFile; fileRef = 486CCD5C20919480004A3AD6 /* AppDelegate.m */; };
		4870B92E2099B207003FA601 /* SplashViewController.m in Sources */ = {isa = PBXBuildFile; fileRef = 4870B92D2099B207003FA601 /* SplashViewController.m */; };
		4870B92F2099B207003FA601 /* SplashViewController.m in Sources */ = {isa = PBXBuildFile; fileRef = 4870B92D2099B207003FA601 /* SplashViewController.m */; };
		4870B9302099B207003FA601 /* SplashViewController.m in Sources */ = {isa = PBXBuildFile; fileRef = 4870B92D2099B207003FA601 /* SplashViewController.m */; };
		4870B9512099B3AA003FA601 /* IFTTTAnimationFrame.m in Sources */ = {isa = PBXBuildFile; fileRef = 4870B9322099B3AA003FA601 /* IFTTTAnimationFrame.m */; };
		4870B9522099B3AA003FA601 /* IFTTTAnimationFrame.m in Sources */ = {isa = PBXBuildFile; fileRef = 4870B9322099B3AA003FA601 /* IFTTTAnimationFrame.m */; };
		4870B9532099B3AA003FA601 /* IFTTTAnimationFrame.m in Sources */ = {isa = PBXBuildFile; fileRef = 4870B9322099B3AA003FA601 /* IFTTTAnimationFrame.m */; };
		4870B9542099B3AA003FA601 /* IFTTTAngleAnimation.m in Sources */ = {isa = PBXBuildFile; fileRef = 4870B9342099B3AA003FA601 /* IFTTTAngleAnimation.m */; };
		4870B9552099B3AA003FA601 /* IFTTTAngleAnimation.m in Sources */ = {isa = PBXBuildFile; fileRef = 4870B9342099B3AA003FA601 /* IFTTTAngleAnimation.m */; };
		4870B9562099B3AA003FA601 /* IFTTTAngleAnimation.m in Sources */ = {isa = PBXBuildFile; fileRef = 4870B9342099B3AA003FA601 /* IFTTTAngleAnimation.m */; };
		4870B9572099B3AA003FA601 /* IFTTTAnimator.m in Sources */ = {isa = PBXBuildFile; fileRef = 4870B9362099B3AA003FA601 /* IFTTTAnimator.m */; };
		4870B9582099B3AA003FA601 /* IFTTTAnimator.m in Sources */ = {isa = PBXBuildFile; fileRef = 4870B9362099B3AA003FA601 /* IFTTTAnimator.m */; };
		4870B9592099B3AA003FA601 /* IFTTTAnimator.m in Sources */ = {isa = PBXBuildFile; fileRef = 4870B9362099B3AA003FA601 /* IFTTTAnimator.m */; };
		4870B95A2099B3AA003FA601 /* IFTTTColorAnimation.m in Sources */ = {isa = PBXBuildFile; fileRef = 4870B9392099B3AA003FA601 /* IFTTTColorAnimation.m */; };
		4870B95B2099B3AA003FA601 /* IFTTTColorAnimation.m in Sources */ = {isa = PBXBuildFile; fileRef = 4870B9392099B3AA003FA601 /* IFTTTColorAnimation.m */; };
		4870B95C2099B3AA003FA601 /* IFTTTColorAnimation.m in Sources */ = {isa = PBXBuildFile; fileRef = 4870B9392099B3AA003FA601 /* IFTTTColorAnimation.m */; };
		4870B95D2099B3AA003FA601 /* IFTTTAlphaAnimation.m in Sources */ = {isa = PBXBuildFile; fileRef = 4870B93B2099B3AA003FA601 /* IFTTTAlphaAnimation.m */; };
		4870B95E2099B3AA003FA601 /* IFTTTAlphaAnimation.m in Sources */ = {isa = PBXBuildFile; fileRef = 4870B93B2099B3AA003FA601 /* IFTTTAlphaAnimation.m */; };
		4870B95F2099B3AA003FA601 /* IFTTTAlphaAnimation.m in Sources */ = {isa = PBXBuildFile; fileRef = 4870B93B2099B3AA003FA601 /* IFTTTAlphaAnimation.m */; };
		4870B9602099B3AA003FA601 /* IFTTTConstraintsAnimation.m in Sources */ = {isa = PBXBuildFile; fileRef = 4870B93C2099B3AA003FA601 /* IFTTTConstraintsAnimation.m */; };
		4870B9612099B3AA003FA601 /* IFTTTConstraintsAnimation.m in Sources */ = {isa = PBXBuildFile; fileRef = 4870B93C2099B3AA003FA601 /* IFTTTConstraintsAnimation.m */; };
		4870B9622099B3AA003FA601 /* IFTTTConstraintsAnimation.m in Sources */ = {isa = PBXBuildFile; fileRef = 4870B93C2099B3AA003FA601 /* IFTTTConstraintsAnimation.m */; };
		4870B9632099B3AA003FA601 /* IFTTTEasingFunction.m in Sources */ = {isa = PBXBuildFile; fileRef = 4870B93F2099B3AA003FA601 /* IFTTTEasingFunction.m */; };
		4870B9642099B3AA003FA601 /* IFTTTEasingFunction.m in Sources */ = {isa = PBXBuildFile; fileRef = 4870B93F2099B3AA003FA601 /* IFTTTEasingFunction.m */; };
		4870B9652099B3AA003FA601 /* IFTTTEasingFunction.m in Sources */ = {isa = PBXBuildFile; fileRef = 4870B93F2099B3AA003FA601 /* IFTTTEasingFunction.m */; };
		4870B9662099B3AA003FA601 /* IFTTTAnimationKeyFrame.m in Sources */ = {isa = PBXBuildFile; fileRef = 4870B9422099B3AA003FA601 /* IFTTTAnimationKeyFrame.m */; };
		4870B9672099B3AA003FA601 /* IFTTTAnimationKeyFrame.m in Sources */ = {isa = PBXBuildFile; fileRef = 4870B9422099B3AA003FA601 /* IFTTTAnimationKeyFrame.m */; };
		4870B9682099B3AA003FA601 /* IFTTTAnimationKeyFrame.m in Sources */ = {isa = PBXBuildFile; fileRef = 4870B9422099B3AA003FA601 /* IFTTTAnimationKeyFrame.m */; };
		4870B9692099B3AA003FA601 /* IFTTTHideAnimation.m in Sources */ = {isa = PBXBuildFile; fileRef = 4870B9442099B3AA003FA601 /* IFTTTHideAnimation.m */; };
		4870B96A2099B3AA003FA601 /* IFTTTHideAnimation.m in Sources */ = {isa = PBXBuildFile; fileRef = 4870B9442099B3AA003FA601 /* IFTTTHideAnimation.m */; };
		4870B96B2099B3AA003FA601 /* IFTTTHideAnimation.m in Sources */ = {isa = PBXBuildFile; fileRef = 4870B9442099B3AA003FA601 /* IFTTTHideAnimation.m */; };
		4870B96C2099B3AA003FA601 /* IFTTTAnimation.m in Sources */ = {isa = PBXBuildFile; fileRef = 4870B9462099B3AA003FA601 /* IFTTTAnimation.m */; };
		4870B96D2099B3AA003FA601 /* IFTTTAnimation.m in Sources */ = {isa = PBXBuildFile; fileRef = 4870B9462099B3AA003FA601 /* IFTTTAnimation.m */; };
		4870B96E2099B3AA003FA601 /* IFTTTAnimation.m in Sources */ = {isa = PBXBuildFile; fileRef = 4870B9462099B3AA003FA601 /* IFTTTAnimation.m */; };
		4870B96F2099B3AA003FA601 /* IFTTTScaleAnimation.m in Sources */ = {isa = PBXBuildFile; fileRef = 4870B9482099B3AA003FA601 /* IFTTTScaleAnimation.m */; };
		4870B9702099B3AA003FA601 /* IFTTTScaleAnimation.m in Sources */ = {isa = PBXBuildFile; fileRef = 4870B9482099B3AA003FA601 /* IFTTTScaleAnimation.m */; };
		4870B9712099B3AA003FA601 /* IFTTTScaleAnimation.m in Sources */ = {isa = PBXBuildFile; fileRef = 4870B9482099B3AA003FA601 /* IFTTTScaleAnimation.m */; };
		4870B9722099B3AA003FA601 /* IFTTTAnimatedScrollViewController.m in Sources */ = {isa = PBXBuildFile; fileRef = 4870B9492099B3AA003FA601 /* IFTTTAnimatedScrollViewController.m */; };
		4870B9732099B3AA003FA601 /* IFTTTAnimatedScrollViewController.m in Sources */ = {isa = PBXBuildFile; fileRef = 4870B9492099B3AA003FA601 /* IFTTTAnimatedScrollViewController.m */; };
		4870B9742099B3AA003FA601 /* IFTTTAnimatedScrollViewController.m in Sources */ = {isa = PBXBuildFile; fileRef = 4870B9492099B3AA003FA601 /* IFTTTAnimatedScrollViewController.m */; };
		4870B9752099B3AA003FA601 /* IFTTTTransform3DAnimation.m in Sources */ = {isa = PBXBuildFile; fileRef = 4870B94B2099B3AA003FA601 /* IFTTTTransform3DAnimation.m */; };
		4870B9762099B3AA003FA601 /* IFTTTTransform3DAnimation.m in Sources */ = {isa = PBXBuildFile; fileRef = 4870B94B2099B3AA003FA601 /* IFTTTTransform3DAnimation.m */; };
		4870B9772099B3AA003FA601 /* IFTTTTransform3DAnimation.m in Sources */ = {isa = PBXBuildFile; fileRef = 4870B94B2099B3AA003FA601 /* IFTTTTransform3DAnimation.m */; };
		4870B9782099B3AA003FA601 /* IFTTTFrameAnimation.m in Sources */ = {isa = PBXBuildFile; fileRef = 4870B94C2099B3AA003FA601 /* IFTTTFrameAnimation.m */; };
		4870B9792099B3AA003FA601 /* IFTTTFrameAnimation.m in Sources */ = {isa = PBXBuildFile; fileRef = 4870B94C2099B3AA003FA601 /* IFTTTFrameAnimation.m */; };
		4870B97A2099B3AA003FA601 /* IFTTTFrameAnimation.m in Sources */ = {isa = PBXBuildFile; fileRef = 4870B94C2099B3AA003FA601 /* IFTTTFrameAnimation.m */; };
		4870B97B2099B3AA003FA601 /* IFTTTCornerRadiusAnimation.m in Sources */ = {isa = PBXBuildFile; fileRef = 4870B94F2099B3AA003FA601 /* IFTTTCornerRadiusAnimation.m */; };
		4870B97C2099B3AA003FA601 /* IFTTTCornerRadiusAnimation.m in Sources */ = {isa = PBXBuildFile; fileRef = 4870B94F2099B3AA003FA601 /* IFTTTCornerRadiusAnimation.m */; };
		4870B97D2099B3AA003FA601 /* IFTTTCornerRadiusAnimation.m in Sources */ = {isa = PBXBuildFile; fileRef = 4870B94F2099B3AA003FA601 /* IFTTTCornerRadiusAnimation.m */; };
		4870B9802099B578003FA601 /* ProjectStyle.m in Sources */ = {isa = PBXBuildFile; fileRef = 4870B97F2099B578003FA601 /* ProjectStyle.m */; };
		4870B9812099B578003FA601 /* ProjectStyle.m in Sources */ = {isa = PBXBuildFile; fileRef = 4870B97F2099B578003FA601 /* ProjectStyle.m */; };
		4870B9822099B578003FA601 /* ProjectStyle.m in Sources */ = {isa = PBXBuildFile; fileRef = 4870B97F2099B578003FA601 /* ProjectStyle.m */; };
		4870B9852099B799003FA601 /* UIView+UIViewUtils.m in Sources */ = {isa = PBXBuildFile; fileRef = 4870B9832099B799003FA601 /* UIView+UIViewUtils.m */; };
		4870B9862099B799003FA601 /* UIView+UIViewUtils.m in Sources */ = {isa = PBXBuildFile; fileRef = 4870B9832099B799003FA601 /* UIView+UIViewUtils.m */; };
		4870B9872099B799003FA601 /* UIView+UIViewUtils.m in Sources */ = {isa = PBXBuildFile; fileRef = 4870B9832099B799003FA601 /* UIView+UIViewUtils.m */; };
		4870B9962099B7B1003FA601 /* UIView+Additions.m in Sources */ = {isa = PBXBuildFile; fileRef = 4870B98E2099B7B1003FA601 /* UIView+Additions.m */; };
		4870B9972099B7B1003FA601 /* UIView+Additions.m in Sources */ = {isa = PBXBuildFile; fileRef = 4870B98E2099B7B1003FA601 /* UIView+Additions.m */; };
		4870B9982099B7B1003FA601 /* UIView+Additions.m in Sources */ = {isa = PBXBuildFile; fileRef = 4870B98E2099B7B1003FA601 /* UIView+Additions.m */; };
		4870B9992099B7B1003FA601 /* UILabel+Utils.m in Sources */ = {isa = PBXBuildFile; fileRef = 4870B98F2099B7B1003FA601 /* UILabel+Utils.m */; };
		4870B99A2099B7B1003FA601 /* UILabel+Utils.m in Sources */ = {isa = PBXBuildFile; fileRef = 4870B98F2099B7B1003FA601 /* UILabel+Utils.m */; };
		4870B99B2099B7B1003FA601 /* UILabel+Utils.m in Sources */ = {isa = PBXBuildFile; fileRef = 4870B98F2099B7B1003FA601 /* UILabel+Utils.m */; };
		48837E9E209195920040BACB /* LeftSliderViewController.m in Sources */ = {isa = PBXBuildFile; fileRef = 486CCD1820918449004A3AD6 /* LeftSliderViewController.m */; };
		48837EA4209195920040BACB /* main.m in Sources */ = {isa = PBXBuildFile; fileRef = 486CCCF6209179FE004A3AD6 /* main.m */; };
		48837EA5209195920040BACB /* Helper.m in Sources */ = {isa = PBXBuildFile; fileRef = 486CCD1F20918510004A3AD6 /* Helper.m */; };
		48837EA8209195920040BACB /* Utility.m in Sources */ = {isa = PBXBuildFile; fileRef = 486CCD0B20918069004A3AD6 /* Utility.m */; };
		48837EA9209195920040BACB /* HomeViewController.m in Sources */ = {isa = PBXBuildFile; fileRef = 486CCD1C20918488004A3AD6 /* HomeViewController.m */; };
		48837EAC209195920040BACB /* AppDelegate.m in Sources */ = {isa = PBXBuildFile; fileRef = 486CCD5C20919480004A3AD6 /* AppDelegate.m */; };
		48837EAD209195920040BACB /* UnifiedTabBarViewController.m in Sources */ = {isa = PBXBuildFile; fileRef = 486CCD122091837B004A3AD6 /* UnifiedTabBarViewController.m */; };
		48837EB1209195920040BACB /* LaunchScreen.storyboard in Resources */ = {isa = PBXBuildFile; fileRef = 486CCD0020917B87004A3AD6 /* LaunchScreen.storyboard */; };
		48837EB2209195920040BACB /* Assets.xcassets in Resources */ = {isa = PBXBuildFile; fileRef = 486CCCF0209179FE004A3AD6 /* Assets.xcassets */; };
		48837EBA209195E40040BACB /* LeftSliderViewController.m in Sources */ = {isa = PBXBuildFile; fileRef = 486CCD1820918449004A3AD6 /* LeftSliderViewController.m */; };
		48837EC0209195E40040BACB /* main.m in Sources */ = {isa = PBXBuildFile; fileRef = 486CCCF6209179FE004A3AD6 /* main.m */; };
		48837EC1209195E40040BACB /* Helper.m in Sources */ = {isa = PBXBuildFile; fileRef = 486CCD1F20918510004A3AD6 /* Helper.m */; };
		48837EC4209195E40040BACB /* Utility.m in Sources */ = {isa = PBXBuildFile; fileRef = 486CCD0B20918069004A3AD6 /* Utility.m */; };
		48837EC5209195E40040BACB /* HomeViewController.m in Sources */ = {isa = PBXBuildFile; fileRef = 486CCD1C20918488004A3AD6 /* HomeViewController.m */; };
		48837EC8209195E40040BACB /* AppDelegate.m in Sources */ = {isa = PBXBuildFile; fileRef = 486CCD5C20919480004A3AD6 /* AppDelegate.m */; };
		48837EC9209195E40040BACB /* UnifiedTabBarViewController.m in Sources */ = {isa = PBXBuildFile; fileRef = 486CCD122091837B004A3AD6 /* UnifiedTabBarViewController.m */; };
		48837ECD209195E40040BACB /* LaunchScreen.storyboard in Resources */ = {isa = PBXBuildFile; fileRef = 486CCD0020917B87004A3AD6 /* LaunchScreen.storyboard */; };
		48837ECE209195E40040BACB /* Assets.xcassets in Resources */ = {isa = PBXBuildFile; fileRef = 486CCCF0209179FE004A3AD6 /* Assets.xcassets */; };
		48837EFB209196C70040BACB /* Constants.m in Sources */ = {isa = PBXBuildFile; fileRef = 48837EFA209196C70040BACB /* Constants.m */; };
		48837EFC209196C70040BACB /* Constants.m in Sources */ = {isa = PBXBuildFile; fileRef = 48837EFA209196C70040BACB /* Constants.m */; };
		48837EFD209196C70040BACB /* Constants.m in Sources */ = {isa = PBXBuildFile; fileRef = 48837EFA209196C70040BACB /* Constants.m */; };
		48837F00209196DD0040BACB /* UIView+FrameAdjustments.m in Sources */ = {isa = PBXBuildFile; fileRef = 48837EFF209196DD0040BACB /* UIView+FrameAdjustments.m */; };
		48837F01209196DD0040BACB /* UIView+FrameAdjustments.m in Sources */ = {isa = PBXBuildFile; fileRef = 48837EFF209196DD0040BACB /* UIView+FrameAdjustments.m */; };
		48837F02209196DD0040BACB /* UIView+FrameAdjustments.m in Sources */ = {isa = PBXBuildFile; fileRef = 48837EFF209196DD0040BACB /* UIView+FrameAdjustments.m */; };
		48837F05209197290040BACB /* libc++.tbd in Frameworks */ = {isa = PBXBuildFile; fileRef = 48837F04209197290040BACB /* libc++.tbd */; };
		48837F07209197650040BACB /* libz.tbd in Frameworks */ = {isa = PBXBuildFile; fileRef = 48837F06209197650040BACB /* libz.tbd */; };
		48837F0B2091BBE80040BACB /* UINavigationBar+FixedHeightWhenStatusBarHidden.m in Sources */ = {isa = PBXBuildFile; fileRef = 48837F0A2091BBE80040BACB /* UINavigationBar+FixedHeightWhenStatusBarHidden.m */; };
		48837F0C2091BBE80040BACB /* UINavigationBar+FixedHeightWhenStatusBarHidden.m in Sources */ = {isa = PBXBuildFile; fileRef = 48837F0A2091BBE80040BACB /* UINavigationBar+FixedHeightWhenStatusBarHidden.m */; };
		48837F0D2091BBE80040BACB /* UINavigationBar+FixedHeightWhenStatusBarHidden.m in Sources */ = {isa = PBXBuildFile; fileRef = 48837F0A2091BBE80040BACB /* UINavigationBar+FixedHeightWhenStatusBarHidden.m */; };
		48837F102091BBFC0040BACB /* UIBarButtonItem+Badge.m in Sources */ = {isa = PBXBuildFile; fileRef = 48837F0E2091BBFC0040BACB /* UIBarButtonItem+Badge.m */; };
		48837F112091BBFC0040BACB /* UIBarButtonItem+Badge.m in Sources */ = {isa = PBXBuildFile; fileRef = 48837F0E2091BBFC0040BACB /* UIBarButtonItem+Badge.m */; };
		48837F122091BBFC0040BACB /* UIBarButtonItem+Badge.m in Sources */ = {isa = PBXBuildFile; fileRef = 48837F0E2091BBFC0040BACB /* UIBarButtonItem+Badge.m */; };
		48837F152091BC420040BACB /* UIButton+Badge.m in Sources */ = {isa = PBXBuildFile; fileRef = 48837F142091BC420040BACB /* UIButton+Badge.m */; };
		48837F162091BC420040BACB /* UIButton+Badge.m in Sources */ = {isa = PBXBuildFile; fileRef = 48837F142091BC420040BACB /* UIButton+Badge.m */; };
		48837F172091BC420040BACB /* UIButton+Badge.m in Sources */ = {isa = PBXBuildFile; fileRef = 48837F142091BC420040BACB /* UIButton+Badge.m */; };
		48837F1C2091BC740040BACB /* NSString+TextDirectionality.m in Sources */ = {isa = PBXBuildFile; fileRef = 48837F182091BC730040BACB /* NSString+TextDirectionality.m */; };
		48837F1D2091BC740040BACB /* NSString+TextDirectionality.m in Sources */ = {isa = PBXBuildFile; fileRef = 48837F182091BC730040BACB /* NSString+TextDirectionality.m */; };
		48837F1E2091BC740040BACB /* NSString+TextDirectionality.m in Sources */ = {isa = PBXBuildFile; fileRef = 48837F182091BC730040BACB /* NSString+TextDirectionality.m */; };
		48837F1F2091BC740040BACB /* NSString+Color.m in Sources */ = {isa = PBXBuildFile; fileRef = 48837F1A2091BC740040BACB /* NSString+Color.m */; };
		48837F202091BC740040BACB /* NSString+Color.m in Sources */ = {isa = PBXBuildFile; fileRef = 48837F1A2091BC740040BACB /* NSString+Color.m */; };
		48837F212091BC740040BACB /* NSString+Color.m in Sources */ = {isa = PBXBuildFile; fileRef = 48837F1A2091BC740040BACB /* NSString+Color.m */; };
		48837F422091BC9B0040BACB /* UIImage+WebP.m in Sources */ = {isa = PBXBuildFile; fileRef = 48837F232091BC9B0040BACB /* UIImage+WebP.m */; };
		48837F432091BC9B0040BACB /* UIImage+WebP.m in Sources */ = {isa = PBXBuildFile; fileRef = 48837F232091BC9B0040BACB /* UIImage+WebP.m */; };
		48837F442091BC9B0040BACB /* UIImage+WebP.m in Sources */ = {isa = PBXBuildFile; fileRef = 48837F232091BC9B0040BACB /* UIImage+WebP.m */; };
		48837F452091BC9B0040BACB /* MKAnnotationView+WebCache.m in Sources */ = {isa = PBXBuildFile; fileRef = 48837F242091BC9B0040BACB /* MKAnnotationView+WebCache.m */; };
		48837F462091BC9B0040BACB /* MKAnnotationView+WebCache.m in Sources */ = {isa = PBXBuildFile; fileRef = 48837F242091BC9B0040BACB /* MKAnnotationView+WebCache.m */; };
		48837F472091BC9B0040BACB /* MKAnnotationView+WebCache.m in Sources */ = {isa = PBXBuildFile; fileRef = 48837F242091BC9B0040BACB /* MKAnnotationView+WebCache.m */; };
		48837F482091BC9B0040BACB /* SDWebImageManager.m in Sources */ = {isa = PBXBuildFile; fileRef = 48837F272091BC9B0040BACB /* SDWebImageManager.m */; };
		48837F492091BC9B0040BACB /* SDWebImageManager.m in Sources */ = {isa = PBXBuildFile; fileRef = 48837F272091BC9B0040BACB /* SDWebImageManager.m */; };
		48837F4A2091BC9B0040BACB /* SDWebImageManager.m in Sources */ = {isa = PBXBuildFile; fileRef = 48837F272091BC9B0040BACB /* SDWebImageManager.m */; };
		48837F4B2091BC9B0040BACB /* SDWebImageDecoder.m in Sources */ = {isa = PBXBuildFile; fileRef = 48837F282091BC9B0040BACB /* SDWebImageDecoder.m */; };
		48837F4C2091BC9B0040BACB /* SDWebImageDecoder.m in Sources */ = {isa = PBXBuildFile; fileRef = 48837F282091BC9B0040BACB /* SDWebImageDecoder.m */; };
		48837F4D2091BC9B0040BACB /* SDWebImageDecoder.m in Sources */ = {isa = PBXBuildFile; fileRef = 48837F282091BC9B0040BACB /* SDWebImageDecoder.m */; };
		48837F4E2091BC9B0040BACB /* UIImageView+HighlightedWebCache.m in Sources */ = {isa = PBXBuildFile; fileRef = 48837F2A2091BC9B0040BACB /* UIImageView+HighlightedWebCache.m */; };
		48837F4F2091BC9B0040BACB /* UIImageView+HighlightedWebCache.m in Sources */ = {isa = PBXBuildFile; fileRef = 48837F2A2091BC9B0040BACB /* UIImageView+HighlightedWebCache.m */; };
		48837F502091BC9B0040BACB /* UIImageView+HighlightedWebCache.m in Sources */ = {isa = PBXBuildFile; fileRef = 48837F2A2091BC9B0040BACB /* UIImageView+HighlightedWebCache.m */; };
		48837F512091BC9B0040BACB /* SDWebImageDownloader.m in Sources */ = {isa = PBXBuildFile; fileRef = 48837F2C2091BC9B0040BACB /* SDWebImageDownloader.m */; };
		48837F522091BC9B0040BACB /* SDWebImageDownloader.m in Sources */ = {isa = PBXBuildFile; fileRef = 48837F2C2091BC9B0040BACB /* SDWebImageDownloader.m */; };
		48837F532091BC9B0040BACB /* SDWebImageDownloader.m in Sources */ = {isa = PBXBuildFile; fileRef = 48837F2C2091BC9B0040BACB /* SDWebImageDownloader.m */; };
		48837F542091BC9B0040BACB /* UIImage+GIF.m in Sources */ = {isa = PBXBuildFile; fileRef = 48837F2D2091BC9B0040BACB /* UIImage+GIF.m */; };
		48837F552091BC9B0040BACB /* UIImage+GIF.m in Sources */ = {isa = PBXBuildFile; fileRef = 48837F2D2091BC9B0040BACB /* UIImage+GIF.m */; };
		48837F562091BC9B0040BACB /* UIImage+GIF.m in Sources */ = {isa = PBXBuildFile; fileRef = 48837F2D2091BC9B0040BACB /* UIImage+GIF.m */; };
		48837F572091BC9B0040BACB /* UIImage+MultiFormat.m in Sources */ = {isa = PBXBuildFile; fileRef = 48837F2F2091BC9B0040BACB /* UIImage+MultiFormat.m */; };
		48837F582091BC9B0040BACB /* UIImage+MultiFormat.m in Sources */ = {isa = PBXBuildFile; fileRef = 48837F2F2091BC9B0040BACB /* UIImage+MultiFormat.m */; };
		48837F592091BC9B0040BACB /* UIImage+MultiFormat.m in Sources */ = {isa = PBXBuildFile; fileRef = 48837F2F2091BC9B0040BACB /* UIImage+MultiFormat.m */; };
		48837F5A2091BC9B0040BACB /* SDWebImageCompat.m in Sources */ = {isa = PBXBuildFile; fileRef = 48837F302091BC9B0040BACB /* SDWebImageCompat.m */; };
		48837F5B2091BC9B0040BACB /* SDWebImageCompat.m in Sources */ = {isa = PBXBuildFile; fileRef = 48837F302091BC9B0040BACB /* SDWebImageCompat.m */; };
		48837F5C2091BC9B0040BACB /* SDWebImageCompat.m in Sources */ = {isa = PBXBuildFile; fileRef = 48837F302091BC9B0040BACB /* SDWebImageCompat.m */; };
		48837F5D2091BC9B0040BACB /* SDWebImagePrefetcher.m in Sources */ = {isa = PBXBuildFile; fileRef = 48837F312091BC9B0040BACB /* SDWebImagePrefetcher.m */; };
		48837F5E2091BC9B0040BACB /* SDWebImagePrefetcher.m in Sources */ = {isa = PBXBuildFile; fileRef = 48837F312091BC9B0040BACB /* SDWebImagePrefetcher.m */; };
		48837F5F2091BC9B0040BACB /* SDWebImagePrefetcher.m in Sources */ = {isa = PBXBuildFile; fileRef = 48837F312091BC9B0040BACB /* SDWebImagePrefetcher.m */; };
		48837F602091BC9B0040BACB /* SDImageCache.m in Sources */ = {isa = PBXBuildFile; fileRef = 48837F342091BC9B0040BACB /* SDImageCache.m */; };
		48837F612091BC9B0040BACB /* SDImageCache.m in Sources */ = {isa = PBXBuildFile; fileRef = 48837F342091BC9B0040BACB /* SDImageCache.m */; };
		48837F622091BC9B0040BACB /* SDImageCache.m in Sources */ = {isa = PBXBuildFile; fileRef = 48837F342091BC9B0040BACB /* SDImageCache.m */; };
		48837F632091BC9B0040BACB /* SDWebImageDownloaderOperation.m in Sources */ = {isa = PBXBuildFile; fileRef = 48837F362091BC9B0040BACB /* SDWebImageDownloaderOperation.m */; };
		48837F642091BC9B0040BACB /* SDWebImageDownloaderOperation.m in Sources */ = {isa = PBXBuildFile; fileRef = 48837F362091BC9B0040BACB /* SDWebImageDownloaderOperation.m */; };
		48837F652091BC9B0040BACB /* SDWebImageDownloaderOperation.m in Sources */ = {isa = PBXBuildFile; fileRef = 48837F362091BC9B0040BACB /* SDWebImageDownloaderOperation.m */; };
		48837F662091BC9B0040BACB /* NSData+ImageContentType.m in Sources */ = {isa = PBXBuildFile; fileRef = 48837F392091BC9B0040BACB /* NSData+ImageContentType.m */; };
		48837F672091BC9B0040BACB /* NSData+ImageContentType.m in Sources */ = {isa = PBXBuildFile; fileRef = 48837F392091BC9B0040BACB /* NSData+ImageContentType.m */; };
		48837F682091BC9B0040BACB /* NSData+ImageContentType.m in Sources */ = {isa = PBXBuildFile; fileRef = 48837F392091BC9B0040BACB /* NSData+ImageContentType.m */; };
		48837F692091BC9B0040BACB /* UIImageView+WebCache.m in Sources */ = {isa = PBXBuildFile; fileRef = 48837F3A2091BC9B0040BACB /* UIImageView+WebCache.m */; };
		48837F6A2091BC9B0040BACB /* UIImageView+WebCache.m in Sources */ = {isa = PBXBuildFile; fileRef = 48837F3A2091BC9B0040BACB /* UIImageView+WebCache.m */; };
		48837F6B2091BC9B0040BACB /* UIImageView+WebCache.m in Sources */ = {isa = PBXBuildFile; fileRef = 48837F3A2091BC9B0040BACB /* UIImageView+WebCache.m */; };
		48837F6C2091BC9B0040BACB /* UIButton+WebCache.m in Sources */ = {isa = PBXBuildFile; fileRef = 48837F402091BC9B0040BACB /* UIButton+WebCache.m */; };
		48837F6D2091BC9B0040BACB /* UIButton+WebCache.m in Sources */ = {isa = PBXBuildFile; fileRef = 48837F402091BC9B0040BACB /* UIButton+WebCache.m */; };
		48837F6E2091BC9B0040BACB /* UIButton+WebCache.m in Sources */ = {isa = PBXBuildFile; fileRef = 48837F402091BC9B0040BACB /* UIButton+WebCache.m */; };
		48837F712091BD020040BACB /* BaseNavigationController.m in Sources */ = {isa = PBXBuildFile; fileRef = 48837F702091BD020040BACB /* BaseNavigationController.m */; };
		48837F722091BD020040BACB /* BaseNavigationController.m in Sources */ = {isa = PBXBuildFile; fileRef = 48837F702091BD020040BACB /* BaseNavigationController.m */; };
		48837F732091BD020040BACB /* BaseNavigationController.m in Sources */ = {isa = PBXBuildFile; fileRef = 48837F702091BD020040BACB /* BaseNavigationController.m */; };
		48837F762091BFAB0040BACB /* BaseViewController.m in Sources */ = {isa = PBXBuildFile; fileRef = 48837F752091BFAB0040BACB /* BaseViewController.m */; };
		48837F772091BFAB0040BACB /* BaseViewController.m in Sources */ = {isa = PBXBuildFile; fileRef = 48837F752091BFAB0040BACB /* BaseViewController.m */; };
		48837F782091BFAB0040BACB /* BaseViewController.m in Sources */ = {isa = PBXBuildFile; fileRef = 48837F752091BFAB0040BACB /* BaseViewController.m */; };
		48837F842091C21E0040BACB /* Localizable.strings in Resources */ = {isa = PBXBuildFile; fileRef = 48837F882091C21E0040BACB /* Localizable.strings */; };
		48837F852091C21E0040BACB /* Localizable.strings in Resources */ = {isa = PBXBuildFile; fileRef = 48837F882091C21E0040BACB /* Localizable.strings */; };
		48837F862091C21E0040BACB /* Localizable.strings in Resources */ = {isa = PBXBuildFile; fileRef = 48837F882091C21E0040BACB /* Localizable.strings */; };
		48837F8C2091C8FF0040BACB /* UYLPasswordManager.m in Sources */ = {isa = PBXBuildFile; fileRef = 48837F8B2091C8FF0040BACB /* UYLPasswordManager.m */; };
		48837F8D2091C8FF0040BACB /* UYLPasswordManager.m in Sources */ = {isa = PBXBuildFile; fileRef = 48837F8B2091C8FF0040BACB /* UYLPasswordManager.m */; };
		48837F8E2091C8FF0040BACB /* UYLPasswordManager.m in Sources */ = {isa = PBXBuildFile; fileRef = 48837F8B2091C8FF0040BACB /* UYLPasswordManager.m */; };
		48837F932091CCA50040BACB /* KSReachability.m in Sources */ = {isa = PBXBuildFile; fileRef = 48837F902091CCA50040BACB /* KSReachability.m */; };
		48837F942091CCA50040BACB /* KSReachability.m in Sources */ = {isa = PBXBuildFile; fileRef = 48837F902091CCA50040BACB /* KSReachability.m */; };
		48837F952091CCA50040BACB /* KSReachability.m in Sources */ = {isa = PBXBuildFile; fileRef = 48837F902091CCA50040BACB /* KSReachability.m */; };
		48837F982091CCFB0040BACB /* Reachability.m in Sources */ = {isa = PBXBuildFile; fileRef = 48837F962091CCFB0040BACB /* Reachability.m */; };
		48837F992091CCFB0040BACB /* Reachability.m in Sources */ = {isa = PBXBuildFile; fileRef = 48837F962091CCFB0040BACB /* Reachability.m */; };
		48837F9A2091CCFB0040BACB /* Reachability.m in Sources */ = {isa = PBXBuildFile; fileRef = 48837F962091CCFB0040BACB /* Reachability.m */; };
		48C3A0892092F89800352FB4 /* MBProgressHUD.m in Sources */ = {isa = PBXBuildFile; fileRef = 48C3A0872092F89800352FB4 /* MBProgressHUD.m */; };
		48C3A08A2092F89800352FB4 /* MBProgressHUD.m in Sources */ = {isa = PBXBuildFile; fileRef = 48C3A0872092F89800352FB4 /* MBProgressHUD.m */; };
		48C3A08B2092F89800352FB4 /* MBProgressHUD.m in Sources */ = {isa = PBXBuildFile; fileRef = 48C3A0872092F89800352FB4 /* MBProgressHUD.m */; };
		48C3A0E32093078100352FB4 /* LGSideMenuHelper.m in Sources */ = {isa = PBXBuildFile; fileRef = 48C3A0DA2093078000352FB4 /* LGSideMenuHelper.m */; };
		48C3A0E42093078100352FB4 /* LGSideMenuHelper.m in Sources */ = {isa = PBXBuildFile; fileRef = 48C3A0DA2093078000352FB4 /* LGSideMenuHelper.m */; };
		48C3A0E52093078100352FB4 /* LGSideMenuHelper.m in Sources */ = {isa = PBXBuildFile; fileRef = 48C3A0DA2093078000352FB4 /* LGSideMenuHelper.m */; };
		48C3A0E62093078100352FB4 /* LGSideMenuView.m in Sources */ = {isa = PBXBuildFile; fileRef = 48C3A0DC2093078000352FB4 /* LGSideMenuView.m */; };
		48C3A0E72093078100352FB4 /* LGSideMenuView.m in Sources */ = {isa = PBXBuildFile; fileRef = 48C3A0DC2093078000352FB4 /* LGSideMenuView.m */; };
		48C3A0E82093078100352FB4 /* LGSideMenuView.m in Sources */ = {isa = PBXBuildFile; fileRef = 48C3A0DC2093078000352FB4 /* LGSideMenuView.m */; };
		48C3A0E92093078100352FB4 /* LGSideMenuSegue.m in Sources */ = {isa = PBXBuildFile; fileRef = 48C3A0DD2093078000352FB4 /* LGSideMenuSegue.m */; };
		48C3A0EA2093078100352FB4 /* LGSideMenuSegue.m in Sources */ = {isa = PBXBuildFile; fileRef = 48C3A0DD2093078000352FB4 /* LGSideMenuSegue.m */; };
		48C3A0EB2093078100352FB4 /* LGSideMenuSegue.m in Sources */ = {isa = PBXBuildFile; fileRef = 48C3A0DD2093078000352FB4 /* LGSideMenuSegue.m */; };
		48C3A0EC2093078100352FB4 /* LGSideMenuController.m in Sources */ = {isa = PBXBuildFile; fileRef = 48C3A0DE2093078000352FB4 /* LGSideMenuController.m */; };
		48C3A0ED2093078100352FB4 /* LGSideMenuController.m in Sources */ = {isa = PBXBuildFile; fileRef = 48C3A0DE2093078000352FB4 /* LGSideMenuController.m */; };
		48C3A0EE2093078100352FB4 /* LGSideMenuController.m in Sources */ = {isa = PBXBuildFile; fileRef = 48C3A0DE2093078000352FB4 /* LGSideMenuController.m */; };
		48C3A0EF2093078100352FB4 /* LGSideMenuGesturesHandler.m in Sources */ = {isa = PBXBuildFile; fileRef = 48C3A0DF2093078000352FB4 /* LGSideMenuGesturesHandler.m */; };
		48C3A0F02093078100352FB4 /* LGSideMenuGesturesHandler.m in Sources */ = {isa = PBXBuildFile; fileRef = 48C3A0DF2093078000352FB4 /* LGSideMenuGesturesHandler.m */; };
		48C3A0F12093078100352FB4 /* LGSideMenuGesturesHandler.m in Sources */ = {isa = PBXBuildFile; fileRef = 48C3A0DF2093078000352FB4 /* LGSideMenuGesturesHandler.m */; };
		48C3A0F22093078100352FB4 /* UIViewController+LGSideMenuController.m in Sources */ = {isa = PBXBuildFile; fileRef = 48C3A0E02093078000352FB4 /* UIViewController+LGSideMenuController.m */; };
		48C3A0F32093078100352FB4 /* UIViewController+LGSideMenuController.m in Sources */ = {isa = PBXBuildFile; fileRef = 48C3A0E02093078000352FB4 /* UIViewController+LGSideMenuController.m */; };
		48C3A0F42093078100352FB4 /* UIViewController+LGSideMenuController.m in Sources */ = {isa = PBXBuildFile; fileRef = 48C3A0E02093078000352FB4 /* UIViewController+LGSideMenuController.m */; };
		48C3A0F52093078100352FB4 /* LGSideMenuBorderView.m in Sources */ = {isa = PBXBuildFile; fileRef = 48C3A0E22093078000352FB4 /* LGSideMenuBorderView.m */; };
		48C3A0F62093078100352FB4 /* LGSideMenuBorderView.m in Sources */ = {isa = PBXBuildFile; fileRef = 48C3A0E22093078000352FB4 /* LGSideMenuBorderView.m */; };
		48C3A0F72093078100352FB4 /* LGSideMenuBorderView.m in Sources */ = {isa = PBXBuildFile; fileRef = 48C3A0E22093078000352FB4 /* LGSideMenuBorderView.m */; };
/* End PBXBuildFile section */

/* Begin PBXFileReference section */
		486CCCE4209179FE004A3AD6 /* ObjC-iOS-TemplateDEV.app */ = {isa = PBXFileReference; explicitFileType = wrapper.application; includeInIndex = 0; path = "ObjC-iOS-TemplateDEV.app"; sourceTree = BUILT_PRODUCTS_DIR; };
		486CCCF0209179FE004A3AD6 /* Assets.xcassets */ = {isa = PBXFileReference; lastKnownFileType = folder.assetcatalog; path = Assets.xcassets; sourceTree = "<group>"; };
		486CCCF5209179FE004A3AD6 /* Info.plist */ = {isa = PBXFileReference; lastKnownFileType = text.plist.xml; path = Info.plist; sourceTree = "<group>"; };
		486CCCF6209179FE004A3AD6 /* main.m */ = {isa = PBXFileReference; lastKnownFileType = sourcecode.c.objc; path = main.m; sourceTree = "<group>"; };
		486CCD0020917B87004A3AD6 /* LaunchScreen.storyboard */ = {isa = PBXFileReference; lastKnownFileType = file.storyboard; path = LaunchScreen.storyboard; sourceTree = "<group>"; };
		486CCD0A20918069004A3AD6 /* Utility.h */ = {isa = PBXFileReference; lastKnownFileType = sourcecode.c.h; path = Utility.h; sourceTree = "<group>"; };
		486CCD0B20918069004A3AD6 /* Utility.m */ = {isa = PBXFileReference; lastKnownFileType = sourcecode.c.objc; path = Utility.m; sourceTree = "<group>"; };
		486CCD112091837B004A3AD6 /* UnifiedTabBarViewController.h */ = {isa = PBXFileReference; lastKnownFileType = sourcecode.c.h; path = UnifiedTabBarViewController.h; sourceTree = "<group>"; };
		486CCD122091837B004A3AD6 /* UnifiedTabBarViewController.m */ = {isa = PBXFileReference; lastKnownFileType = sourcecode.c.objc; path = UnifiedTabBarViewController.m; sourceTree = "<group>"; };
		486CCD1720918449004A3AD6 /* LeftSliderViewController.h */ = {isa = PBXFileReference; lastKnownFileType = sourcecode.c.h; path = LeftSliderViewController.h; sourceTree = "<group>"; };
		486CCD1820918449004A3AD6 /* LeftSliderViewController.m */ = {isa = PBXFileReference; lastKnownFileType = sourcecode.c.objc; path = LeftSliderViewController.m; sourceTree = "<group>"; };
		486CCD1B20918488004A3AD6 /* HomeViewController.h */ = {isa = PBXFileReference; lastKnownFileType = sourcecode.c.h; path = HomeViewController.h; sourceTree = "<group>"; };
		486CCD1C20918488004A3AD6 /* HomeViewController.m */ = {isa = PBXFileReference; lastKnownFileType = sourcecode.c.objc; path = HomeViewController.m; sourceTree = "<group>"; };
		486CCD1E20918510004A3AD6 /* Helper.h */ = {isa = PBXFileReference; lastKnownFileType = sourcecode.c.h; path = Helper.h; sourceTree = "<group>"; };
		486CCD1F20918510004A3AD6 /* Helper.m */ = {isa = PBXFileReference; lastKnownFileType = sourcecode.c.objc; path = Helper.m; sourceTree = "<group>"; };
		486CCD5B20919480004A3AD6 /* AppDelegate.h */ = {isa = PBXFileReference; fileEncoding = 4; lastKnownFileType = sourcecode.c.h; path = AppDelegate.h; sourceTree = "<group>"; };
		486CCD5C20919480004A3AD6 /* AppDelegate.m */ = {isa = PBXFileReference; fileEncoding = 4; lastKnownFileType = sourcecode.c.objc; path = AppDelegate.m; sourceTree = "<group>"; };
		486CCD79209194F2004A3AD6 /* ObjC-iOS-Template copy-Info.plist */ = {isa = PBXFileReference; lastKnownFileType = text.plist.xml; name = "ObjC-iOS-Template copy-Info.plist"; path = "/Users/congnguyen/Github/ObjC-iOS-Template/ObjC-iOS-Template copy-Info.plist"; sourceTree = "<absolute>"; };
		4870B92C2099B207003FA601 /* SplashViewController.h */ = {isa = PBXFileReference; lastKnownFileType = sourcecode.c.h; path = SplashViewController.h; sourceTree = "<group>"; };
		4870B92D2099B207003FA601 /* SplashViewController.m */ = {isa = PBXFileReference; lastKnownFileType = sourcecode.c.objc; path = SplashViewController.m; sourceTree = "<group>"; };
		4870B9322099B3AA003FA601 /* IFTTTAnimationFrame.m */ = {isa = PBXFileReference; fileEncoding = 4; lastKnownFileType = sourcecode.c.objc; path = IFTTTAnimationFrame.m; sourceTree = "<group>"; };
		4870B9332099B3AA003FA601 /* IFTTTHideAnimation.h */ = {isa = PBXFileReference; fileEncoding = 4; lastKnownFileType = sourcecode.c.h; path = IFTTTHideAnimation.h; sourceTree = "<group>"; };
		4870B9342099B3AA003FA601 /* IFTTTAngleAnimation.m */ = {isa = PBXFileReference; fileEncoding = 4; lastKnownFileType = sourcecode.c.objc; path = IFTTTAngleAnimation.m; sourceTree = "<group>"; };
		4870B9352099B3AA003FA601 /* IFTTTAnimationKeyFrame.h */ = {isa = PBXFileReference; fileEncoding = 4; lastKnownFileType = sourcecode.c.h; path = IFTTTAnimationKeyFrame.h; sourceTree = "<group>"; };
		4870B9362099B3AA003FA601 /* IFTTTAnimator.m */ = {isa = PBXFileReference; fileEncoding = 4; lastKnownFileType = sourcecode.c.objc; path = IFTTTAnimator.m; sourceTree = "<group>"; };
		4870B9372099B3AA003FA601 /* IFTTTAnimatedScrollViewController.h */ = {isa = PBXFileReference; fileEncoding = 4; lastKnownFileType = sourcecode.c.h; path = IFTTTAnimatedScrollViewController.h; sourceTree = "<group>"; };
		4870B9382099B3AA003FA601 /* IFTTTScaleAnimation.h */ = {isa = PBXFileReference; fileEncoding = 4; lastKnownFileType = sourcecode.c.h; path = IFTTTScaleAnimation.h; sourceTree = "<group>"; };
		4870B9392099B3AA003FA601 /* IFTTTColorAnimation.m */ = {isa = PBXFileReference; fileEncoding = 4; lastKnownFileType = sourcecode.c.objc; path = IFTTTColorAnimation.m; sourceTree = "<group>"; };
		4870B93A2099B3AA003FA601 /* IFTTTAnimation.h */ = {isa = PBXFileReference; fileEncoding = 4; lastKnownFileType = sourcecode.c.h; path = IFTTTAnimation.h; sourceTree = "<group>"; };
		4870B93B2099B3AA003FA601 /* IFTTTAlphaAnimation.m */ = {isa = PBXFileReference; fileEncoding = 4; lastKnownFileType = sourcecode.c.objc; path = IFTTTAlphaAnimation.m; sourceTree = "<group>"; };
		4870B93C2099B3AA003FA601 /* IFTTTConstraintsAnimation.m */ = {isa = PBXFileReference; fileEncoding = 4; lastKnownFileType = sourcecode.c.objc; path = IFTTTConstraintsAnimation.m; sourceTree = "<group>"; };
		4870B93D2099B3AA003FA601 /* IFTTTFrameAnimation.h */ = {isa = PBXFileReference; fileEncoding = 4; lastKnownFileType = sourcecode.c.h; path = IFTTTFrameAnimation.h; sourceTree = "<group>"; };
		4870B93E2099B3AA003FA601 /* IFTTTTransform3DAnimation.h */ = {isa = PBXFileReference; fileEncoding = 4; lastKnownFileType = sourcecode.c.h; path = IFTTTTransform3DAnimation.h; sourceTree = "<group>"; };
		4870B93F2099B3AA003FA601 /* IFTTTEasingFunction.m */ = {isa = PBXFileReference; fileEncoding = 4; lastKnownFileType = sourcecode.c.objc; path = IFTTTEasingFunction.m; sourceTree = "<group>"; };
		4870B9402099B3AA003FA601 /* IFTTTCornerRadiusAnimation.h */ = {isa = PBXFileReference; fileEncoding = 4; lastKnownFileType = sourcecode.c.h; path = IFTTTCornerRadiusAnimation.h; sourceTree = "<group>"; };
		4870B9412099B3AA003FA601 /* IFTTTAnimator.h */ = {isa = PBXFileReference; fileEncoding = 4; lastKnownFileType = sourcecode.c.h; path = IFTTTAnimator.h; sourceTree = "<group>"; };
		4870B9422099B3AA003FA601 /* IFTTTAnimationKeyFrame.m */ = {isa = PBXFileReference; fileEncoding = 4; lastKnownFileType = sourcecode.c.objc; path = IFTTTAnimationKeyFrame.m; sourceTree = "<group>"; };
		4870B9432099B3AA003FA601 /* IFTTTAngleAnimation.h */ = {isa = PBXFileReference; fileEncoding = 4; lastKnownFileType = sourcecode.c.h; path = IFTTTAngleAnimation.h; sourceTree = "<group>"; };
		4870B9442099B3AA003FA601 /* IFTTTHideAnimation.m */ = {isa = PBXFileReference; fileEncoding = 4; lastKnownFileType = sourcecode.c.objc; path = IFTTTHideAnimation.m; sourceTree = "<group>"; };
		4870B9452099B3AA003FA601 /* IFTTTAnimationFrame.h */ = {isa = PBXFileReference; fileEncoding = 4; lastKnownFileType = sourcecode.c.h; path = IFTTTAnimationFrame.h; sourceTree = "<group>"; };
		4870B9462099B3AA003FA601 /* IFTTTAnimation.m */ = {isa = PBXFileReference; fileEncoding = 4; lastKnownFileType = sourcecode.c.objc; path = IFTTTAnimation.m; sourceTree = "<group>"; };
		4870B9472099B3AA003FA601 /* IFTTTColorAnimation.h */ = {isa = PBXFileReference; fileEncoding = 4; lastKnownFileType = sourcecode.c.h; path = IFTTTColorAnimation.h; sourceTree = "<group>"; };
		4870B9482099B3AA003FA601 /* IFTTTScaleAnimation.m */ = {isa = PBXFileReference; fileEncoding = 4; lastKnownFileType = sourcecode.c.objc; path = IFTTTScaleAnimation.m; sourceTree = "<group>"; };
		4870B9492099B3AA003FA601 /* IFTTTAnimatedScrollViewController.m */ = {isa = PBXFileReference; fileEncoding = 4; lastKnownFileType = sourcecode.c.objc; path = IFTTTAnimatedScrollViewController.m; sourceTree = "<group>"; };
		4870B94A2099B3AA003FA601 /* IFTTTEasingFunction.h */ = {isa = PBXFileReference; fileEncoding = 4; lastKnownFileType = sourcecode.c.h; path = IFTTTEasingFunction.h; sourceTree = "<group>"; };
		4870B94B2099B3AA003FA601 /* IFTTTTransform3DAnimation.m */ = {isa = PBXFileReference; fileEncoding = 4; lastKnownFileType = sourcecode.c.objc; path = IFTTTTransform3DAnimation.m; sourceTree = "<group>"; };
		4870B94C2099B3AA003FA601 /* IFTTTFrameAnimation.m */ = {isa = PBXFileReference; fileEncoding = 4; lastKnownFileType = sourcecode.c.objc; path = IFTTTFrameAnimation.m; sourceTree = "<group>"; };
		4870B94D2099B3AA003FA601 /* IFTTTConstraintsAnimation.h */ = {isa = PBXFileReference; fileEncoding = 4; lastKnownFileType = sourcecode.c.h; path = IFTTTConstraintsAnimation.h; sourceTree = "<group>"; };
		4870B94E2099B3AA003FA601 /* IFTTTAlphaAnimation.h */ = {isa = PBXFileReference; fileEncoding = 4; lastKnownFileType = sourcecode.c.h; path = IFTTTAlphaAnimation.h; sourceTree = "<group>"; };
		4870B94F2099B3AA003FA601 /* IFTTTCornerRadiusAnimation.m */ = {isa = PBXFileReference; fileEncoding = 4; lastKnownFileType = sourcecode.c.objc; path = IFTTTCornerRadiusAnimation.m; sourceTree = "<group>"; };
		4870B9502099B3AA003FA601 /* IFTTTJazzHands.h */ = {isa = PBXFileReference; fileEncoding = 4; lastKnownFileType = sourcecode.c.h; path = IFTTTJazzHands.h; sourceTree = "<group>"; };
		4870B97E2099B578003FA601 /* ProjectStyle.h */ = {isa = PBXFileReference; lastKnownFileType = sourcecode.c.h; path = ProjectStyle.h; sourceTree = "<group>"; };
		4870B97F2099B578003FA601 /* ProjectStyle.m */ = {isa = PBXFileReference; lastKnownFileType = sourcecode.c.objc; path = ProjectStyle.m; sourceTree = "<group>"; };
		4870B9832099B799003FA601 /* UIView+UIViewUtils.m */ = {isa = PBXFileReference; fileEncoding = 4; lastKnownFileType = sourcecode.c.objc; path = "UIView+UIViewUtils.m"; sourceTree = "<group>"; };
		4870B9842099B799003FA601 /* UIView+UIViewUtils.h */ = {isa = PBXFileReference; fileEncoding = 4; lastKnownFileType = sourcecode.c.h; path = "UIView+UIViewUtils.h"; sourceTree = "<group>"; };
		4870B98E2099B7B1003FA601 /* UIView+Additions.m */ = {isa = PBXFileReference; fileEncoding = 4; lastKnownFileType = sourcecode.c.objc; path = "UIView+Additions.m"; sourceTree = "<group>"; };
		4870B98F2099B7B1003FA601 /* UILabel+Utils.m */ = {isa = PBXFileReference; fileEncoding = 4; lastKnownFileType = sourcecode.c.objc; path = "UILabel+Utils.m"; sourceTree = "<group>"; };
		4870B9902099B7B1003FA601 /* UILabel+Utils.h */ = {isa = PBXFileReference; fileEncoding = 4; lastKnownFileType = sourcecode.c.h; path = "UILabel+Utils.h"; sourceTree = "<group>"; };
		4870B9912099B7B1003FA601 /* UIView+Additions.h */ = {isa = PBXFileReference; fileEncoding = 4; lastKnownFileType = sourcecode.c.h; path = "UIView+Additions.h"; sourceTree = "<group>"; };
		4870B9922099B7B1003FA601 /* UIView+FrameAdjustments.h */ = {isa = PBXFileReference; fileEncoding = 4; lastKnownFileType = sourcecode.c.h; name = "UIView+FrameAdjustments.h"; path = "../../../../liquidpay/Liquid/Library/UIView+FrameAdjustments.h"; sourceTree = "<group>"; };
		48837EB6209195920040BACB /* ObjC-iOS-TemplateQA.app */ = {isa = PBXFileReference; explicitFileType = wrapper.application; includeInIndex = 0; path = "ObjC-iOS-TemplateQA.app"; sourceTree = BUILT_PRODUCTS_DIR; };
		48837EB7209195920040BACB /* ObjC-iOS-Template copy2-Info.plist */ = {isa = PBXFileReference; lastKnownFileType = text.plist.xml; name = "ObjC-iOS-Template copy2-Info.plist"; path = "/Users/congnguyen/Github/ObjC-iOS-Template/ObjC-iOS-Template copy2-Info.plist"; sourceTree = "<absolute>"; };
		48837ED2209195E40040BACB /* ObjC-iOS-TemplatePROD.app */ = {isa = PBXFileReference; explicitFileType = wrapper.application; includeInIndex = 0; path = "ObjC-iOS-TemplatePROD.app"; sourceTree = BUILT_PRODUCTS_DIR; };
		48837ED3209195E40040BACB /* ObjC-iOS-TemplateQA copy-Info.plist */ = {isa = PBXFileReference; lastKnownFileType = text.plist.xml; name = "ObjC-iOS-TemplateQA copy-Info.plist"; path = "/Users/congnguyen/Github/ObjC-iOS-Template/ObjC-iOS-TemplateQA copy-Info.plist"; sourceTree = "<absolute>"; };
		48837EF8209196B70040BACB /* PrefixHeader.pch */ = {isa = PBXFileReference; fileEncoding = 4; lastKnownFileType = sourcecode.c.h; path = PrefixHeader.pch; sourceTree = "<group>"; };
		48837EF9209196C60040BACB /* Constants.h */ = {isa = PBXFileReference; fileEncoding = 4; lastKnownFileType = sourcecode.c.h; path = Constants.h; sourceTree = "<group>"; };
		48837EFA209196C70040BACB /* Constants.m */ = {isa = PBXFileReference; fileEncoding = 4; lastKnownFileType = sourcecode.c.objc; path = Constants.m; sourceTree = "<group>"; };
		48837EFF209196DD0040BACB /* UIView+FrameAdjustments.m */ = {isa = PBXFileReference; fileEncoding = 4; lastKnownFileType = sourcecode.c.objc; path = "UIView+FrameAdjustments.m"; sourceTree = "<group>"; };
		48837F04209197290040BACB /* libc++.tbd */ = {isa = PBXFileReference; lastKnownFileType = "sourcecode.text-based-dylib-definition"; name = "libc++.tbd"; path = "usr/lib/libc++.tbd"; sourceTree = SDKROOT; };
		48837F06209197650040BACB /* libz.tbd */ = {isa = PBXFileReference; lastKnownFileType = "sourcecode.text-based-dylib-definition"; name = libz.tbd; path = usr/lib/libz.tbd; sourceTree = SDKROOT; };
		48837F092091BBE80040BACB /* UINavigationBar+FixedHeightWhenStatusBarHidden.h */ = {isa = PBXFileReference; fileEncoding = 4; lastKnownFileType = sourcecode.c.h; path = "UINavigationBar+FixedHeightWhenStatusBarHidden.h"; sourceTree = "<group>"; };
		48837F0A2091BBE80040BACB /* UINavigationBar+FixedHeightWhenStatusBarHidden.m */ = {isa = PBXFileReference; fileEncoding = 4; lastKnownFileType = sourcecode.c.objc; path = "UINavigationBar+FixedHeightWhenStatusBarHidden.m"; sourceTree = "<group>"; };
		48837F0E2091BBFC0040BACB /* UIBarButtonItem+Badge.m */ = {isa = PBXFileReference; fileEncoding = 4; lastKnownFileType = sourcecode.c.objc; path = "UIBarButtonItem+Badge.m"; sourceTree = "<group>"; };
		48837F0F2091BBFC0040BACB /* UIBarButtonItem+Badge.h */ = {isa = PBXFileReference; fileEncoding = 4; lastKnownFileType = sourcecode.c.h; path = "UIBarButtonItem+Badge.h"; sourceTree = "<group>"; };
		48837F132091BC420040BACB /* UIButton+Badge.h */ = {isa = PBXFileReference; fileEncoding = 4; lastKnownFileType = sourcecode.c.h; path = "UIButton+Badge.h"; sourceTree = "<group>"; };
		48837F142091BC420040BACB /* UIButton+Badge.m */ = {isa = PBXFileReference; fileEncoding = 4; lastKnownFileType = sourcecode.c.objc; path = "UIButton+Badge.m"; sourceTree = "<group>"; };
		48837F182091BC730040BACB /* NSString+TextDirectionality.m */ = {isa = PBXFileReference; fileEncoding = 4; lastKnownFileType = sourcecode.c.objc; path = "NSString+TextDirectionality.m"; sourceTree = "<group>"; };
		48837F192091BC740040BACB /* NSString+Color.h */ = {isa = PBXFileReference; fileEncoding = 4; lastKnownFileType = sourcecode.c.h; path = "NSString+Color.h"; sourceTree = "<group>"; };
		48837F1A2091BC740040BACB /* NSString+Color.m */ = {isa = PBXFileReference; fileEncoding = 4; lastKnownFileType = sourcecode.c.objc; path = "NSString+Color.m"; sourceTree = "<group>"; };
		48837F1B2091BC740040BACB /* NSString+TextDirectionality.h */ = {isa = PBXFileReference; fileEncoding = 4; lastKnownFileType = sourcecode.c.h; path = "NSString+TextDirectionality.h"; sourceTree = "<group>"; };
		48837F232091BC9B0040BACB /* UIImage+WebP.m */ = {isa = PBXFileReference; fileEncoding = 4; lastKnownFileType = sourcecode.c.objc; path = "UIImage+WebP.m"; sourceTree = "<group>"; };
		48837F242091BC9B0040BACB /* MKAnnotationView+WebCache.m */ = {isa = PBXFileReference; fileEncoding = 4; lastKnownFileType = sourcecode.c.objc; path = "MKAnnotationView+WebCache.m"; sourceTree = "<group>"; };
		48837F252091BC9B0040BACB /* UIImageView+WebCache.h */ = {isa = PBXFileReference; fileEncoding = 4; lastKnownFileType = sourcecode.c.h; path = "UIImageView+WebCache.h"; sourceTree = "<group>"; };
		48837F262091BC9B0040BACB /* NSData+ImageContentType.h */ = {isa = PBXFileReference; fileEncoding = 4; lastKnownFileType = sourcecode.c.h; path = "NSData+ImageContentType.h"; sourceTree = "<group>"; };
		48837F272091BC9B0040BACB /* SDWebImageManager.m */ = {isa = PBXFileReference; fileEncoding = 4; lastKnownFileType = sourcecode.c.objc; path = SDWebImageManager.m; sourceTree = "<group>"; };
		48837F282091BC9B0040BACB /* SDWebImageDecoder.m */ = {isa = PBXFileReference; fileEncoding = 4; lastKnownFileType = sourcecode.c.objc; path = SDWebImageDecoder.m; sourceTree = "<group>"; };
		48837F292091BC9B0040BACB /* SDWebImageDownloaderOperation.h */ = {isa = PBXFileReference; fileEncoding = 4; lastKnownFileType = sourcecode.c.h; path = SDWebImageDownloaderOperation.h; sourceTree = "<group>"; };
		48837F2A2091BC9B0040BACB /* UIImageView+HighlightedWebCache.m */ = {isa = PBXFileReference; fileEncoding = 4; lastKnownFileType = sourcecode.c.objc; path = "UIImageView+HighlightedWebCache.m"; sourceTree = "<group>"; };
		48837F2B2091BC9B0040BACB /* SDImageCache.h */ = {isa = PBXFileReference; fileEncoding = 4; lastKnownFileType = sourcecode.c.h; path = SDImageCache.h; sourceTree = "<group>"; };
		48837F2C2091BC9B0040BACB /* SDWebImageDownloader.m */ = {isa = PBXFileReference; fileEncoding = 4; lastKnownFileType = sourcecode.c.objc; path = SDWebImageDownloader.m; sourceTree = "<group>"; };
		48837F2D2091BC9B0040BACB /* UIImage+GIF.m */ = {isa = PBXFileReference; fileEncoding = 4; lastKnownFileType = sourcecode.c.objc; path = "UIImage+GIF.m"; sourceTree = "<group>"; };
		48837F2E2091BC9B0040BACB /* UIButton+WebCache.h */ = {isa = PBXFileReference; fileEncoding = 4; lastKnownFileType = sourcecode.c.h; path = "UIButton+WebCache.h"; sourceTree = "<group>"; };
		48837F2F2091BC9B0040BACB /* UIImage+MultiFormat.m */ = {isa = PBXFileReference; fileEncoding = 4; lastKnownFileType = sourcecode.c.objc; path = "UIImage+MultiFormat.m"; sourceTree = "<group>"; };
		48837F302091BC9B0040BACB /* SDWebImageCompat.m */ = {isa = PBXFileReference; fileEncoding = 4; lastKnownFileType = sourcecode.c.objc; path = SDWebImageCompat.m; sourceTree = "<group>"; };
		48837F312091BC9B0040BACB /* SDWebImagePrefetcher.m */ = {isa = PBXFileReference; fileEncoding = 4; lastKnownFileType = sourcecode.c.objc; path = SDWebImagePrefetcher.m; sourceTree = "<group>"; };
		48837F322091BC9B0040BACB /* MKAnnotationView+WebCache.h */ = {isa = PBXFileReference; fileEncoding = 4; lastKnownFileType = sourcecode.c.h; path = "MKAnnotationView+WebCache.h"; sourceTree = "<group>"; };
		48837F332091BC9B0040BACB /* UIImage+WebP.h */ = {isa = PBXFileReference; fileEncoding = 4; lastKnownFileType = sourcecode.c.h; path = "UIImage+WebP.h"; sourceTree = "<group>"; };
		48837F342091BC9B0040BACB /* SDImageCache.m */ = {isa = PBXFileReference; fileEncoding = 4; lastKnownFileType = sourcecode.c.objc; path = SDImageCache.m; sourceTree = "<group>"; };
		48837F352091BC9B0040BACB /* UIImageView+HighlightedWebCache.h */ = {isa = PBXFileReference; fileEncoding = 4; lastKnownFileType = sourcecode.c.h; path = "UIImageView+HighlightedWebCache.h"; sourceTree = "<group>"; };
		48837F362091BC9B0040BACB /* SDWebImageDownloaderOperation.m */ = {isa = PBXFileReference; fileEncoding = 4; lastKnownFileType = sourcecode.c.objc; path = SDWebImageDownloaderOperation.m; sourceTree = "<group>"; };
		48837F372091BC9B0040BACB /* SDWebImageDecoder.h */ = {isa = PBXFileReference; fileEncoding = 4; lastKnownFileType = sourcecode.c.h; path = SDWebImageDecoder.h; sourceTree = "<group>"; };
		48837F382091BC9B0040BACB /* SDWebImageManager.h */ = {isa = PBXFileReference; fileEncoding = 4; lastKnownFileType = sourcecode.c.h; path = SDWebImageManager.h; sourceTree = "<group>"; };
		48837F392091BC9B0040BACB /* NSData+ImageContentType.m */ = {isa = PBXFileReference; fileEncoding = 4; lastKnownFileType = sourcecode.c.objc; path = "NSData+ImageContentType.m"; sourceTree = "<group>"; };
		48837F3A2091BC9B0040BACB /* UIImageView+WebCache.m */ = {isa = PBXFileReference; fileEncoding = 4; lastKnownFileType = sourcecode.c.objc; path = "UIImageView+WebCache.m"; sourceTree = "<group>"; };
		48837F3B2091BC9B0040BACB /* SDWebImageOperation.h */ = {isa = PBXFileReference; fileEncoding = 4; lastKnownFileType = sourcecode.c.h; path = SDWebImageOperation.h; sourceTree = "<group>"; };
		48837F3C2091BC9B0040BACB /* SDWebImageDownloader.h */ = {isa = PBXFileReference; fileEncoding = 4; lastKnownFileType = sourcecode.c.h; path = SDWebImageDownloader.h; sourceTree = "<group>"; };
		48837F3D2091BC9B0040BACB /* SDWebImagePrefetcher.h */ = {isa = PBXFileReference; fileEncoding = 4; lastKnownFileType = sourcecode.c.h; path = SDWebImagePrefetcher.h; sourceTree = "<group>"; };
		48837F3E2091BC9B0040BACB /* SDWebImageCompat.h */ = {isa = PBXFileReference; fileEncoding = 4; lastKnownFileType = sourcecode.c.h; path = SDWebImageCompat.h; sourceTree = "<group>"; };
		48837F3F2091BC9B0040BACB /* UIImage+MultiFormat.h */ = {isa = PBXFileReference; fileEncoding = 4; lastKnownFileType = sourcecode.c.h; path = "UIImage+MultiFormat.h"; sourceTree = "<group>"; };
		48837F402091BC9B0040BACB /* UIButton+WebCache.m */ = {isa = PBXFileReference; fileEncoding = 4; lastKnownFileType = sourcecode.c.objc; path = "UIButton+WebCache.m"; sourceTree = "<group>"; };
		48837F412091BC9B0040BACB /* UIImage+GIF.h */ = {isa = PBXFileReference; fileEncoding = 4; lastKnownFileType = sourcecode.c.h; path = "UIImage+GIF.h"; sourceTree = "<group>"; };
		48837F6F2091BD020040BACB /* BaseNavigationController.h */ = {isa = PBXFileReference; lastKnownFileType = sourcecode.c.h; path = BaseNavigationController.h; sourceTree = "<group>"; };
		48837F702091BD020040BACB /* BaseNavigationController.m */ = {isa = PBXFileReference; lastKnownFileType = sourcecode.c.objc; path = BaseNavigationController.m; sourceTree = "<group>"; };
		48837F742091BFAB0040BACB /* BaseViewController.h */ = {isa = PBXFileReference; lastKnownFileType = sourcecode.c.h; path = BaseViewController.h; sourceTree = "<group>"; };
		48837F752091BFAB0040BACB /* BaseViewController.m */ = {isa = PBXFileReference; lastKnownFileType = sourcecode.c.objc; path = BaseViewController.m; sourceTree = "<group>"; };
		48837F7B2091C1210040BACB /* LocaleString.h */ = {isa = PBXFileReference; lastKnownFileType = sourcecode.c.h; path = LocaleString.h; sourceTree = "<group>"; };
		48837F872091C21E0040BACB /* en */ = {isa = PBXFileReference; lastKnownFileType = text.plist.strings; name = en; path = en.lproj/Localizable.strings; sourceTree = "<group>"; };
		48837F892091C2280040BACB /* fr */ = {isa = PBXFileReference; lastKnownFileType = text.plist.strings; name = fr; path = fr.lproj/Localizable.strings; sourceTree = "<group>"; };
		48837F8A2091C8FF0040BACB /* UYLPasswordManager.h */ = {isa = PBXFileReference; fileEncoding = 4; lastKnownFileType = sourcecode.c.h; path = UYLPasswordManager.h; sourceTree = "<group>"; };
		48837F8B2091C8FF0040BACB /* UYLPasswordManager.m */ = {isa = PBXFileReference; fileEncoding = 4; lastKnownFileType = sourcecode.c.objc; path = UYLPasswordManager.m; sourceTree = "<group>"; };
		48837F902091CCA50040BACB /* KSReachability.m */ = {isa = PBXFileReference; fileEncoding = 4; lastKnownFileType = sourcecode.c.objc; path = KSReachability.m; sourceTree = "<group>"; };
		48837F912091CCA50040BACB /* KSReachability.h */ = {isa = PBXFileReference; fileEncoding = 4; lastKnownFileType = sourcecode.c.h; path = KSReachability.h; sourceTree = "<group>"; };
		48837F922091CCA50040BACB /* KSReachability-Prefix.pch */ = {isa = PBXFileReference; fileEncoding = 4; lastKnownFileType = sourcecode.c.h; path = "KSReachability-Prefix.pch"; sourceTree = "<group>"; };
		48837F962091CCFB0040BACB /* Reachability.m */ = {isa = PBXFileReference; fileEncoding = 4; lastKnownFileType = sourcecode.c.objc; path = Reachability.m; sourceTree = "<group>"; };
		48837F972091CCFB0040BACB /* Reachability.h */ = {isa = PBXFileReference; fileEncoding = 4; lastKnownFileType = sourcecode.c.h; path = Reachability.h; sourceTree = "<group>"; };
		48C3A0872092F89800352FB4 /* MBProgressHUD.m */ = {isa = PBXFileReference; fileEncoding = 4; lastKnownFileType = sourcecode.c.objc; path = MBProgressHUD.m; sourceTree = "<group>"; };
		48C3A0882092F89800352FB4 /* MBProgressHUD.h */ = {isa = PBXFileReference; fileEncoding = 4; lastKnownFileType = sourcecode.c.h; path = MBProgressHUD.h; sourceTree = "<group>"; };
		48C3A0D52093078000352FB4 /* LGSideMenuSegue.h */ = {isa = PBXFileReference; fileEncoding = 4; lastKnownFileType = sourcecode.c.h; path = LGSideMenuSegue.h; sourceTree = "<group>"; };
		48C3A0D62093078000352FB4 /* LGSideMenuView.h */ = {isa = PBXFileReference; fileEncoding = 4; lastKnownFileType = sourcecode.c.h; path = LGSideMenuView.h; sourceTree = "<group>"; };
		48C3A0D72093078000352FB4 /* LGSideMenuController.h */ = {isa = PBXFileReference; fileEncoding = 4; lastKnownFileType = sourcecode.c.h; path = LGSideMenuController.h; sourceTree = "<group>"; };
		48C3A0D82093078000352FB4 /* LGSideMenuGesturesHandler.h */ = {isa = PBXFileReference; fileEncoding = 4; lastKnownFileType = sourcecode.c.h; path = LGSideMenuGesturesHandler.h; sourceTree = "<group>"; };
		48C3A0D92093078000352FB4 /* LGSideMenuBorderView.h */ = {isa = PBXFileReference; fileEncoding = 4; lastKnownFileType = sourcecode.c.h; path = LGSideMenuBorderView.h; sourceTree = "<group>"; };
		48C3A0DA2093078000352FB4 /* LGSideMenuHelper.m */ = {isa = PBXFileReference; fileEncoding = 4; lastKnownFileType = sourcecode.c.objc; path = LGSideMenuHelper.m; sourceTree = "<group>"; };
		48C3A0DB2093078000352FB4 /* UIViewController+LGSideMenuController.h */ = {isa = PBXFileReference; fileEncoding = 4; lastKnownFileType = sourcecode.c.h; path = "UIViewController+LGSideMenuController.h"; sourceTree = "<group>"; };
		48C3A0DC2093078000352FB4 /* LGSideMenuView.m */ = {isa = PBXFileReference; fileEncoding = 4; lastKnownFileType = sourcecode.c.objc; path = LGSideMenuView.m; sourceTree = "<group>"; };
		48C3A0DD2093078000352FB4 /* LGSideMenuSegue.m */ = {isa = PBXFileReference; fileEncoding = 4; lastKnownFileType = sourcecode.c.objc; path = LGSideMenuSegue.m; sourceTree = "<group>"; };
		48C3A0DE2093078000352FB4 /* LGSideMenuController.m */ = {isa = PBXFileReference; fileEncoding = 4; lastKnownFileType = sourcecode.c.objc; path = LGSideMenuController.m; sourceTree = "<group>"; };
		48C3A0DF2093078000352FB4 /* LGSideMenuGesturesHandler.m */ = {isa = PBXFileReference; fileEncoding = 4; lastKnownFileType = sourcecode.c.objc; path = LGSideMenuGesturesHandler.m; sourceTree = "<group>"; };
		48C3A0E02093078000352FB4 /* UIViewController+LGSideMenuController.m */ = {isa = PBXFileReference; fileEncoding = 4; lastKnownFileType = sourcecode.c.objc; path = "UIViewController+LGSideMenuController.m"; sourceTree = "<group>"; };
		48C3A0E12093078000352FB4 /* LGSideMenuHelper.h */ = {isa = PBXFileReference; fileEncoding = 4; lastKnownFileType = sourcecode.c.h; path = LGSideMenuHelper.h; sourceTree = "<group>"; };
		48C3A0E22093078000352FB4 /* LGSideMenuBorderView.m */ = {isa = PBXFileReference; fileEncoding = 4; lastKnownFileType = sourcecode.c.objc; path = LGSideMenuBorderView.m; sourceTree = "<group>"; };
/* End PBXFileReference section */

/* Begin PBXFrameworksBuildPhase section */
		486CCCE1209179FE004A3AD6 /* Frameworks */ = {
			isa = PBXFrameworksBuildPhase;
			buildActionMask = 2147483647;
			files = (
				48837F07209197650040BACB /* libz.tbd in Frameworks */,
				48837F05209197290040BACB /* libc++.tbd in Frameworks */,
			);
			runOnlyForDeploymentPostprocessing = 0;
		};
		48837EAF209195920040BACB /* Frameworks */ = {
			isa = PBXFrameworksBuildPhase;
			buildActionMask = 2147483647;
			files = (
			);
			runOnlyForDeploymentPostprocessing = 0;
		};
		48837ECB209195E40040BACB /* Frameworks */ = {
			isa = PBXFrameworksBuildPhase;
			buildActionMask = 2147483647;
			files = (
			);
			runOnlyForDeploymentPostprocessing = 0;
		};
/* End PBXFrameworksBuildPhase section */

/* Begin PBXGroup section */
		486CCCDB209179FE004A3AD6 = {
			isa = PBXGroup;
			children = (
				486CCCE6209179FE004A3AD6 /* ObjC-iOS-Template */,
				486CCCE5209179FE004A3AD6 /* Products */,
				486CCD79209194F2004A3AD6 /* ObjC-iOS-Template copy-Info.plist */,
				48837EB7209195920040BACB /* ObjC-iOS-Template copy2-Info.plist */,
				48837ED3209195E40040BACB /* ObjC-iOS-TemplateQA copy-Info.plist */,
				48837F03209197280040BACB /* Frameworks */,
			);
			sourceTree = "<group>";
		};
		486CCCE5209179FE004A3AD6 /* Products */ = {
			isa = PBXGroup;
			children = (
				486CCCE4209179FE004A3AD6 /* ObjC-iOS-TemplateDEV.app */,
				48837EB6209195920040BACB /* ObjC-iOS-TemplateQA.app */,
				48837ED2209195E40040BACB /* ObjC-iOS-TemplatePROD.app */,
			);
			name = Products;
			sourceTree = "<group>";
		};
		486CCCE6209179FE004A3AD6 /* ObjC-iOS-Template */ = {
			isa = PBXGroup;
			children = (
				48837F792091C0B80040BACB /* AppDefine */,
				486CCD0420917BF6004A3AD6 /* Resources */,
				486CCD0220917B9F004A3AD6 /* Library */,
				486CCD0320917BB9004A3AD6 /* Utilities */,
				486CCD0620917C61004A3AD6 /* Model */,
				486CCD0520917C57004A3AD6 /* Class */,
				486CCD5B20919480004A3AD6 /* AppDelegate.h */,
				486CCD5C20919480004A3AD6 /* AppDelegate.m */,
				486CCCF0209179FE004A3AD6 /* Assets.xcassets */,
				486CCD0020917B87004A3AD6 /* LaunchScreen.storyboard */,
				486CCCF5209179FE004A3AD6 /* Info.plist */,
				486CCCF6209179FE004A3AD6 /* main.m */,
			);
			path = "ObjC-iOS-Template";
			sourceTree = "<group>";
		};
		486CCD0220917B9F004A3AD6 /* Library */ = {
			isa = PBXGroup;
			children = (
				4870B9312099B3AA003FA601 /* JazzHands */,
				48C3A0D42093078000352FB4 /* LGSideMenuController */,
				48C3A0882092F89800352FB4 /* MBProgressHUD.h */,
				48C3A0872092F89800352FB4 /* MBProgressHUD.m */,
				48837F972091CCFB0040BACB /* Reachability.h */,
				48837F962091CCFB0040BACB /* Reachability.m */,
				48837F8F2091CCA50040BACB /* KSReachability */,
				48837F8A2091C8FF0040BACB /* UYLPasswordManager.h */,
				48837F8B2091C8FF0040BACB /* UYLPasswordManager.m */,
				48837F222091BC9B0040BACB /* SDWebImage */,
			);
			path = Library;
			sourceTree = "<group>";
		};
		486CCD0320917BB9004A3AD6 /* Utilities */ = {
			isa = PBXGroup;
			children = (
				486CCD0A20918069004A3AD6 /* Utility.h */,
				486CCD0B20918069004A3AD6 /* Utility.m */,
				48837F082091BBC50040BACB /* Extensions */,
			);
			path = Utilities;
			sourceTree = "<group>";
		};
		486CCD0420917BF6004A3AD6 /* Resources */ = {
			isa = PBXGroup;
			children = (
			);
			path = Resources;
			sourceTree = "<group>";
		};
		486CCD0520917C57004A3AD6 /* Class */ = {
			isa = PBXGroup;
			children = (
				486CCD1020918304004A3AD6 /* BaseViewController */,
				486CCD0F209182FB004A3AD6 /* RootControllers */,
				486CCD0E209182D1004A3AD6 /* Login */,
				486CCD0D209182CB004A3AD6 /* Registration */,
				4870B92B2099B1E7003FA601 /* Splash */,
				486CCD1A20918466004A3AD6 /* Home */,
			);
			path = Class;
			sourceTree = "<group>";
		};
		486CCD0620917C61004A3AD6 /* Model */ = {
			isa = PBXGroup;
			children = (
			);
			path = Model;
			sourceTree = "<group>";
		};
		486CCD0D209182CB004A3AD6 /* Registration */ = {
			isa = PBXGroup;
			children = (
			);
			path = Registration;
			sourceTree = "<group>";
		};
		486CCD0E209182D1004A3AD6 /* Login */ = {
			isa = PBXGroup;
			children = (
			);
			path = Login;
			sourceTree = "<group>";
		};
		486CCD0F209182FB004A3AD6 /* RootControllers */ = {
			isa = PBXGroup;
			children = (
				486CCD112091837B004A3AD6 /* UnifiedTabBarViewController.h */,
				486CCD122091837B004A3AD6 /* UnifiedTabBarViewController.m */,
				486CCD1720918449004A3AD6 /* LeftSliderViewController.h */,
				486CCD1820918449004A3AD6 /* LeftSliderViewController.m */,
			);
			path = RootControllers;
			sourceTree = "<group>";
		};
		486CCD1020918304004A3AD6 /* BaseViewController */ = {
			isa = PBXGroup;
			children = (
				48837F6F2091BD020040BACB /* BaseNavigationController.h */,
				48837F702091BD020040BACB /* BaseNavigationController.m */,
				48837F742091BFAB0040BACB /* BaseViewController.h */,
				48837F752091BFAB0040BACB /* BaseViewController.m */,
			);
			path = BaseViewController;
			sourceTree = "<group>";
		};
		486CCD1A20918466004A3AD6 /* Home */ = {
			isa = PBXGroup;
			children = (
				486CCD1B20918488004A3AD6 /* HomeViewController.h */,
				486CCD1C20918488004A3AD6 /* HomeViewController.m */,
			);
			path = Home;
			sourceTree = "<group>";
		};
		4870B92B2099B1E7003FA601 /* Splash */ = {
			isa = PBXGroup;
			children = (
				4870B92C2099B207003FA601 /* SplashViewController.h */,
				4870B92D2099B207003FA601 /* SplashViewController.m */,
			);
			path = Splash;
			sourceTree = "<group>";
		};
		4870B9312099B3AA003FA601 /* JazzHands */ = {
			isa = PBXGroup;
			children = (
				4870B9322099B3AA003FA601 /* IFTTTAnimationFrame.m */,
				4870B9332099B3AA003FA601 /* IFTTTHideAnimation.h */,
				4870B9342099B3AA003FA601 /* IFTTTAngleAnimation.m */,
				4870B9352099B3AA003FA601 /* IFTTTAnimationKeyFrame.h */,
				4870B9362099B3AA003FA601 /* IFTTTAnimator.m */,
				4870B9372099B3AA003FA601 /* IFTTTAnimatedScrollViewController.h */,
				4870B9382099B3AA003FA601 /* IFTTTScaleAnimation.h */,
				4870B9392099B3AA003FA601 /* IFTTTColorAnimation.m */,
				4870B93A2099B3AA003FA601 /* IFTTTAnimation.h */,
				4870B93B2099B3AA003FA601 /* IFTTTAlphaAnimation.m */,
				4870B93C2099B3AA003FA601 /* IFTTTConstraintsAnimation.m */,
				4870B93D2099B3AA003FA601 /* IFTTTFrameAnimation.h */,
				4870B93E2099B3AA003FA601 /* IFTTTTransform3DAnimation.h */,
				4870B93F2099B3AA003FA601 /* IFTTTEasingFunction.m */,
				4870B9402099B3AA003FA601 /* IFTTTCornerRadiusAnimation.h */,
				4870B9412099B3AA003FA601 /* IFTTTAnimator.h */,
				4870B9422099B3AA003FA601 /* IFTTTAnimationKeyFrame.m */,
				4870B9432099B3AA003FA601 /* IFTTTAngleAnimation.h */,
				4870B9442099B3AA003FA601 /* IFTTTHideAnimation.m */,
				4870B9452099B3AA003FA601 /* IFTTTAnimationFrame.h */,
				4870B9462099B3AA003FA601 /* IFTTTAnimation.m */,
				4870B9472099B3AA003FA601 /* IFTTTColorAnimation.h */,
				4870B9482099B3AA003FA601 /* IFTTTScaleAnimation.m */,
				4870B9492099B3AA003FA601 /* IFTTTAnimatedScrollViewController.m */,
				4870B94A2099B3AA003FA601 /* IFTTTEasingFunction.h */,
				4870B94B2099B3AA003FA601 /* IFTTTTransform3DAnimation.m */,
				4870B94C2099B3AA003FA601 /* IFTTTFrameAnimation.m */,
				4870B94D2099B3AA003FA601 /* IFTTTConstraintsAnimation.h */,
				4870B94E2099B3AA003FA601 /* IFTTTAlphaAnimation.h */,
				4870B94F2099B3AA003FA601 /* IFTTTCornerRadiusAnimation.m */,
				4870B9502099B3AA003FA601 /* IFTTTJazzHands.h */,
			);
			path = JazzHands;
			sourceTree = "<group>";
		};
		48837F03209197280040BACB /* Frameworks */ = {
			isa = PBXGroup;
			children = (
				48837F06209197650040BACB /* libz.tbd */,
				48837F04209197290040BACB /* libc++.tbd */,
			);
			name = Frameworks;
			sourceTree = "<group>";
		};
		48837F082091BBC50040BACB /* Extensions */ = {
			isa = PBXGroup;
			children = (
				4870B9902099B7B1003FA601 /* UILabel+Utils.h */,
				4870B98F2099B7B1003FA601 /* UILabel+Utils.m */,
				4870B9912099B7B1003FA601 /* UIView+Additions.h */,
				4870B98E2099B7B1003FA601 /* UIView+Additions.m */,
				4870B9922099B7B1003FA601 /* UIView+FrameAdjustments.h */,
				48837EFF209196DD0040BACB /* UIView+FrameAdjustments.m */,
				4870B9842099B799003FA601 /* UIView+UIViewUtils.h */,
				4870B9832099B799003FA601 /* UIView+UIViewUtils.m */,
				48837F092091BBE80040BACB /* UINavigationBar+FixedHeightWhenStatusBarHidden.h */,
				48837F0A2091BBE80040BACB /* UINavigationBar+FixedHeightWhenStatusBarHidden.m */,
				48837F0F2091BBFC0040BACB /* UIBarButtonItem+Badge.h */,
				48837F0E2091BBFC0040BACB /* UIBarButtonItem+Badge.m */,
				48837F132091BC420040BACB /* UIButton+Badge.h */,
				48837F142091BC420040BACB /* UIButton+Badge.m */,
				48837F192091BC740040BACB /* NSString+Color.h */,
				48837F1A2091BC740040BACB /* NSString+Color.m */,
				48837F1B2091BC740040BACB /* NSString+TextDirectionality.h */,
				48837F182091BC730040BACB /* NSString+TextDirectionality.m */,
			);
			path = Extensions;
			sourceTree = "<group>";
		};
		48837F222091BC9B0040BACB /* SDWebImage */ = {
			isa = PBXGroup;
			children = (
				48837F232091BC9B0040BACB /* UIImage+WebP.m */,
				48837F242091BC9B0040BACB /* MKAnnotationView+WebCache.m */,
				48837F252091BC9B0040BACB /* UIImageView+WebCache.h */,
				48837F262091BC9B0040BACB /* NSData+ImageContentType.h */,
				48837F272091BC9B0040BACB /* SDWebImageManager.m */,
				48837F282091BC9B0040BACB /* SDWebImageDecoder.m */,
				48837F292091BC9B0040BACB /* SDWebImageDownloaderOperation.h */,
				48837F2A2091BC9B0040BACB /* UIImageView+HighlightedWebCache.m */,
				48837F2B2091BC9B0040BACB /* SDImageCache.h */,
				48837F2C2091BC9B0040BACB /* SDWebImageDownloader.m */,
				48837F2D2091BC9B0040BACB /* UIImage+GIF.m */,
				48837F2E2091BC9B0040BACB /* UIButton+WebCache.h */,
				48837F2F2091BC9B0040BACB /* UIImage+MultiFormat.m */,
				48837F302091BC9B0040BACB /* SDWebImageCompat.m */,
				48837F312091BC9B0040BACB /* SDWebImagePrefetcher.m */,
				48837F322091BC9B0040BACB /* MKAnnotationView+WebCache.h */,
				48837F332091BC9B0040BACB /* UIImage+WebP.h */,
				48837F342091BC9B0040BACB /* SDImageCache.m */,
				48837F352091BC9B0040BACB /* UIImageView+HighlightedWebCache.h */,
				48837F362091BC9B0040BACB /* SDWebImageDownloaderOperation.m */,
				48837F372091BC9B0040BACB /* SDWebImageDecoder.h */,
				48837F382091BC9B0040BACB /* SDWebImageManager.h */,
				48837F392091BC9B0040BACB /* NSData+ImageContentType.m */,
				48837F3A2091BC9B0040BACB /* UIImageView+WebCache.m */,
				48837F3B2091BC9B0040BACB /* SDWebImageOperation.h */,
				48837F3C2091BC9B0040BACB /* SDWebImageDownloader.h */,
				48837F3D2091BC9B0040BACB /* SDWebImagePrefetcher.h */,
				48837F3E2091BC9B0040BACB /* SDWebImageCompat.h */,
				48837F3F2091BC9B0040BACB /* UIImage+MultiFormat.h */,
				48837F402091BC9B0040BACB /* UIButton+WebCache.m */,
				48837F412091BC9B0040BACB /* UIImage+GIF.h */,
			);
			path = SDWebImage;
			sourceTree = "<group>";
		};
		48837F792091C0B80040BACB /* AppDefine */ = {
			isa = PBXGroup;
			children = (
				48837EF8209196B70040BACB /* PrefixHeader.pch */,
				486CCD1E20918510004A3AD6 /* Helper.h */,
				486CCD1F20918510004A3AD6 /* Helper.m */,
				4870B97E2099B578003FA601 /* ProjectStyle.h */,
				4870B97F2099B578003FA601 /* ProjectStyle.m */,
				48837EF9209196C60040BACB /* Constants.h */,
				48837EFA209196C70040BACB /* Constants.m */,
				48837F7B2091C1210040BACB /* LocaleString.h */,
				48837F882091C21E0040BACB /* Localizable.strings */,
			);
			path = AppDefine;
			sourceTree = "<group>";
		};
		48837F8F2091CCA50040BACB /* KSReachability */ = {
			isa = PBXGroup;
			children = (
				48837F902091CCA50040BACB /* KSReachability.m */,
				48837F912091CCA50040BACB /* KSReachability.h */,
				48837F922091CCA50040BACB /* KSReachability-Prefix.pch */,
			);
			path = KSReachability;
			sourceTree = "<group>";
		};
		48C3A0D42093078000352FB4 /* LGSideMenuController */ = {
			isa = PBXGroup;
			children = (
				48C3A0D52093078000352FB4 /* LGSideMenuSegue.h */,
				48C3A0D62093078000352FB4 /* LGSideMenuView.h */,
				48C3A0D72093078000352FB4 /* LGSideMenuController.h */,
				48C3A0D82093078000352FB4 /* LGSideMenuGesturesHandler.h */,
				48C3A0D92093078000352FB4 /* LGSideMenuBorderView.h */,
				48C3A0DA2093078000352FB4 /* LGSideMenuHelper.m */,
				48C3A0DB2093078000352FB4 /* UIViewController+LGSideMenuController.h */,
				48C3A0DC2093078000352FB4 /* LGSideMenuView.m */,
				48C3A0DD2093078000352FB4 /* LGSideMenuSegue.m */,
				48C3A0DE2093078000352FB4 /* LGSideMenuController.m */,
				48C3A0DF2093078000352FB4 /* LGSideMenuGesturesHandler.m */,
				48C3A0E02093078000352FB4 /* UIViewController+LGSideMenuController.m */,
				48C3A0E12093078000352FB4 /* LGSideMenuHelper.h */,
				48C3A0E22093078000352FB4 /* LGSideMenuBorderView.m */,
			);
			name = LGSideMenuController;
			path = ../../../liquidpay/Liquid/Vendor/LGSideMenuController;
			sourceTree = "<group>";
		};
/* End PBXGroup section */

/* Begin PBXNativeTarget section */
		486CCCE3209179FE004A3AD6 /* ObjC-iOS-TemplateDEV */ = {
			isa = PBXNativeTarget;
			buildConfigurationList = 486CCCFA209179FE004A3AD6 /* Build configuration list for PBXNativeTarget "ObjC-iOS-TemplateDEV" */;
			buildPhases = (
				486CCCE0209179FE004A3AD6 /* Sources */,
				486CCCE1209179FE004A3AD6 /* Frameworks */,
				486CCCE2209179FE004A3AD6 /* Resources */,
			);
			buildRules = (
			);
			dependencies = (
			);
			name = "ObjC-iOS-TemplateDEV";
			productName = "ObjC-iOS-Template";
			productReference = 486CCCE4209179FE004A3AD6 /* ObjC-iOS-TemplateDEV.app */;
			productType = "com.apple.product-type.application";
		};
		48837E9C209195920040BACB /* ObjC-iOS-TemplateQA */ = {
			isa = PBXNativeTarget;
			buildConfigurationList = 48837EB3209195920040BACB /* Build configuration list for PBXNativeTarget "ObjC-iOS-TemplateQA" */;
			buildPhases = (
				48837E9D209195920040BACB /* Sources */,
				48837EAF209195920040BACB /* Frameworks */,
				48837EB0209195920040BACB /* Resources */,
			);
			buildRules = (
			);
			dependencies = (
			);
			name = "ObjC-iOS-TemplateQA";
			productName = "ObjC-iOS-Template";
			productReference = 48837EB6209195920040BACB /* ObjC-iOS-TemplateQA.app */;
			productType = "com.apple.product-type.application";
		};
		48837EB8209195E40040BACB /* ObjC-iOS-TemplatePROD */ = {
			isa = PBXNativeTarget;
			buildConfigurationList = 48837ECF209195E40040BACB /* Build configuration list for PBXNativeTarget "ObjC-iOS-TemplatePROD" */;
			buildPhases = (
				48837EB9209195E40040BACB /* Sources */,
				48837ECB209195E40040BACB /* Frameworks */,
				48837ECC209195E40040BACB /* Resources */,
			);
			buildRules = (
			);
			dependencies = (
			);
			name = "ObjC-iOS-TemplatePROD";
			productName = "ObjC-iOS-Template";
			productReference = 48837ED2209195E40040BACB /* ObjC-iOS-TemplatePROD.app */;
			productType = "com.apple.product-type.application";
		};
/* End PBXNativeTarget section */

/* Begin PBXProject section */
		486CCCDC209179FE004A3AD6 /* Project object */ = {
			isa = PBXProject;
			attributes = {
				LastUpgradeCheck = 0920;
				ORGANIZATIONNAME = "Cong Nguyen";
				TargetAttributes = {
					486CCCE3209179FE004A3AD6 = {
						CreatedOnToolsVersion = 9.2;
						ProvisioningStyle = Automatic;
					};
					48837E9C209195920040BACB = {
						ProvisioningStyle = Automatic;
					};
					48837EB8209195E40040BACB = {
						ProvisioningStyle = Automatic;
					};
				};
			};
			buildConfigurationList = 486CCCDF209179FE004A3AD6 /* Build configuration list for PBXProject "ObjC-iOS-Template" */;
			compatibilityVersion = "Xcode 8.0";
			developmentRegion = en;
			hasScannedForEncodings = 0;
			knownRegions = (
				en,
				Base,
				fr,
			);
			mainGroup = 486CCCDB209179FE004A3AD6;
			productRefGroup = 486CCCE5209179FE004A3AD6 /* Products */;
			projectDirPath = "";
			projectRoot = "";
			targets = (
				486CCCE3209179FE004A3AD6 /* ObjC-iOS-TemplateDEV */,
				48837E9C209195920040BACB /* ObjC-iOS-TemplateQA */,
				48837EB8209195E40040BACB /* ObjC-iOS-TemplatePROD */,
			);
		};
/* End PBXProject section */

/* Begin PBXResourcesBuildPhase section */
		486CCCE2209179FE004A3AD6 /* Resources */ = {
			isa = PBXResourcesBuildPhase;
			buildActionMask = 2147483647;
			files = (
				486CCD0120917B87004A3AD6 /* LaunchScreen.storyboard in Resources */,
				48837F842091C21E0040BACB /* Localizable.strings in Resources */,
				486CCCF1209179FE004A3AD6 /* Assets.xcassets in Resources */,
			);
			runOnlyForDeploymentPostprocessing = 0;
		};
		48837EB0209195920040BACB /* Resources */ = {
			isa = PBXResourcesBuildPhase;
			buildActionMask = 2147483647;
			files = (
				48837EB1209195920040BACB /* LaunchScreen.storyboard in Resources */,
				48837F852091C21E0040BACB /* Localizable.strings in Resources */,
				48837EB2209195920040BACB /* Assets.xcassets in Resources */,
			);
			runOnlyForDeploymentPostprocessing = 0;
		};
		48837ECC209195E40040BACB /* Resources */ = {
			isa = PBXResourcesBuildPhase;
			buildActionMask = 2147483647;
			files = (
				48837ECD209195E40040BACB /* LaunchScreen.storyboard in Resources */,
				48837F862091C21E0040BACB /* Localizable.strings in Resources */,
				48837ECE209195E40040BACB /* Assets.xcassets in Resources */,
			);
			runOnlyForDeploymentPostprocessing = 0;
		};
/* End PBXResourcesBuildPhase section */

/* Begin PBXSourcesBuildPhase section */
		486CCCE0209179FE004A3AD6 /* Sources */ = {
			isa = PBXSourcesBuildPhase;
			buildActionMask = 2147483647;
			files = (
				48837F4B2091BC9B0040BACB /* SDWebImageDecoder.m in Sources */,
				48837F0B2091BBE80040BACB /* UINavigationBar+FixedHeightWhenStatusBarHidden.m in Sources */,
				4870B97B2099B3AA003FA601 /* IFTTTCornerRadiusAnimation.m in Sources */,
				48837F1C2091BC740040BACB /* NSString+TextDirectionality.m in Sources */,
				486CCD1920918449004A3AD6 /* LeftSliderViewController.m in Sources */,
				48837F712091BD020040BACB /* BaseNavigationController.m in Sources */,
				4870B9542099B3AA003FA601 /* IFTTTAngleAnimation.m in Sources */,
				486CCCF7209179FE004A3AD6 /* main.m in Sources */,
				48C3A0EF2093078100352FB4 /* LGSideMenuGesturesHandler.m in Sources */,
				48837F602091BC9B0040BACB /* SDImageCache.m in Sources */,
				48837F932091CCA50040BACB /* KSReachability.m in Sources */,
				4870B9962099B7B1003FA601 /* UIView+Additions.m in Sources */,
				48837F982091CCFB0040BACB /* Reachability.m in Sources */,
				4870B96C2099B3AA003FA601 /* IFTTTAnimation.m in Sources */,
				48837F632091BC9B0040BACB /* SDWebImageDownloaderOperation.m in Sources */,
				48C3A0F52093078100352FB4 /* LGSideMenuBorderView.m in Sources */,
				486CCD2020918510004A3AD6 /* Helper.m in Sources */,
				4870B9572099B3AA003FA601 /* IFTTTAnimator.m in Sources */,
				48837F1F2091BC740040BACB /* NSString+Color.m in Sources */,
				486CCD0C20918069004A3AD6 /* Utility.m in Sources */,
				48837F152091BC420040BACB /* UIButton+Badge.m in Sources */,
				486CCD1D20918488004A3AD6 /* HomeViewController.m in Sources */,
				48837F8C2091C8FF0040BACB /* UYLPasswordManager.m in Sources */,
				4870B9632099B3AA003FA601 /* IFTTTEasingFunction.m in Sources */,
				4870B96F2099B3AA003FA601 /* IFTTTScaleAnimation.m in Sources */,
				48837F692091BC9B0040BACB /* UIImageView+WebCache.m in Sources */,
				4870B9802099B578003FA601 /* ProjectStyle.m in Sources */,
				48837F6C2091BC9B0040BACB /* UIButton+WebCache.m in Sources */,
				4870B9722099B3AA003FA601 /* IFTTTAnimatedScrollViewController.m in Sources */,
				48837F512091BC9B0040BACB /* SDWebImageDownloader.m in Sources */,
				4870B9782099B3AA003FA601 /* IFTTTFrameAnimation.m in Sources */,
				4870B9752099B3AA003FA601 /* IFTTTTransform3DAnimation.m in Sources */,
				4870B9692099B3AA003FA601 /* IFTTTHideAnimation.m in Sources */,
				4870B95D2099B3AA003FA601 /* IFTTTAlphaAnimation.m in Sources */,
				48837F542091BC9B0040BACB /* UIImage+GIF.m in Sources */,
				4870B9992099B7B1003FA601 /* UILabel+Utils.m in Sources */,
				4870B9512099B3AA003FA601 /* IFTTTAnimationFrame.m in Sources */,
				4870B95A2099B3AA003FA601 /* IFTTTColorAnimation.m in Sources */,
				48C3A0E62093078100352FB4 /* LGSideMenuView.m in Sources */,
				48837F422091BC9B0040BACB /* UIImage+WebP.m in Sources */,
				486CCD5D20919480004A3AD6 /* AppDelegate.m in Sources */,
				4870B9602099B3AA003FA601 /* IFTTTConstraintsAnimation.m in Sources */,
				48837EFB209196C70040BACB /* Constants.m in Sources */,
				48C3A0E92093078100352FB4 /* LGSideMenuSegue.m in Sources */,
				48C3A0EC2093078100352FB4 /* LGSideMenuController.m in Sources */,
				48837F762091BFAB0040BACB /* BaseViewController.m in Sources */,
				48837F5D2091BC9B0040BACB /* SDWebImagePrefetcher.m in Sources */,
				4870B9662099B3AA003FA601 /* IFTTTAnimationKeyFrame.m in Sources */,
				486CCD132091837B004A3AD6 /* UnifiedTabBarViewController.m in Sources */,
				48C3A0892092F89800352FB4 /* MBProgressHUD.m in Sources */,
				48837F4E2091BC9B0040BACB /* UIImageView+HighlightedWebCache.m in Sources */,
				48837F482091BC9B0040BACB /* SDWebImageManager.m in Sources */,
				48837F662091BC9B0040BACB /* NSData+ImageContentType.m in Sources */,
				48837F572091BC9B0040BACB /* UIImage+MultiFormat.m in Sources */,
				48C3A0E32093078100352FB4 /* LGSideMenuHelper.m in Sources */,
				48837F452091BC9B0040BACB /* MKAnnotationView+WebCache.m in Sources */,
				4870B92E2099B207003FA601 /* SplashViewController.m in Sources */,
				48837F102091BBFC0040BACB /* UIBarButtonItem+Badge.m in Sources */,
				48837F5A2091BC9B0040BACB /* SDWebImageCompat.m in Sources */,
				4870B9852099B799003FA601 /* UIView+UIViewUtils.m in Sources */,
				48837F00209196DD0040BACB /* UIView+FrameAdjustments.m in Sources */,
				48C3A0F22093078100352FB4 /* UIViewController+LGSideMenuController.m in Sources */,
			);
			runOnlyForDeploymentPostprocessing = 0;
		};
		48837E9D209195920040BACB /* Sources */ = {
			isa = PBXSourcesBuildPhase;
			buildActionMask = 2147483647;
			files = (
				48837F4C2091BC9B0040BACB /* SDWebImageDecoder.m in Sources */,
				48837F0C2091BBE80040BACB /* UINavigationBar+FixedHeightWhenStatusBarHidden.m in Sources */,
				4870B97C2099B3AA003FA601 /* IFTTTCornerRadiusAnimation.m in Sources */,
				48837F1D2091BC740040BACB /* NSString+TextDirectionality.m in Sources */,
				48837E9E209195920040BACB /* LeftSliderViewController.m in Sources */,
				48837F722091BD020040BACB /* BaseNavigationController.m in Sources */,
				4870B9552099B3AA003FA601 /* IFTTTAngleAnimation.m in Sources */,
				48837EA4209195920040BACB /* main.m in Sources */,
				48C3A0F02093078100352FB4 /* LGSideMenuGesturesHandler.m in Sources */,
				48837F612091BC9B0040BACB /* SDImageCache.m in Sources */,
				48837F942091CCA50040BACB /* KSReachability.m in Sources */,
				4870B9972099B7B1003FA601 /* UIView+Additions.m in Sources */,
				48837F992091CCFB0040BACB /* Reachability.m in Sources */,
				4870B96D2099B3AA003FA601 /* IFTTTAnimation.m in Sources */,
				48837F642091BC9B0040BACB /* SDWebImageDownloaderOperation.m in Sources */,
				48C3A0F62093078100352FB4 /* LGSideMenuBorderView.m in Sources */,
				48837EA5209195920040BACB /* Helper.m in Sources */,
				4870B9582099B3AA003FA601 /* IFTTTAnimator.m in Sources */,
				48837F202091BC740040BACB /* NSString+Color.m in Sources */,
				48837EA8209195920040BACB /* Utility.m in Sources */,
				48837F162091BC420040BACB /* UIButton+Badge.m in Sources */,
				48837EA9209195920040BACB /* HomeViewController.m in Sources */,
				48837F8D2091C8FF0040BACB /* UYLPasswordManager.m in Sources */,
				4870B9642099B3AA003FA601 /* IFTTTEasingFunction.m in Sources */,
				4870B9702099B3AA003FA601 /* IFTTTScaleAnimation.m in Sources */,
				48837F6A2091BC9B0040BACB /* UIImageView+WebCache.m in Sources */,
				4870B9812099B578003FA601 /* ProjectStyle.m in Sources */,
				48837F6D2091BC9B0040BACB /* UIButton+WebCache.m in Sources */,
				4870B9732099B3AA003FA601 /* IFTTTAnimatedScrollViewController.m in Sources */,
				48837F522091BC9B0040BACB /* SDWebImageDownloader.m in Sources */,
				4870B9792099B3AA003FA601 /* IFTTTFrameAnimation.m in Sources */,
				4870B9762099B3AA003FA601 /* IFTTTTransform3DAnimation.m in Sources */,
				4870B96A2099B3AA003FA601 /* IFTTTHideAnimation.m in Sources */,
				4870B95E2099B3AA003FA601 /* IFTTTAlphaAnimation.m in Sources */,
				48837F552091BC9B0040BACB /* UIImage+GIF.m in Sources */,
				4870B99A2099B7B1003FA601 /* UILabel+Utils.m in Sources */,
				4870B9522099B3AA003FA601 /* IFTTTAnimationFrame.m in Sources */,
				4870B95B2099B3AA003FA601 /* IFTTTColorAnimation.m in Sources */,
				48C3A0E72093078100352FB4 /* LGSideMenuView.m in Sources */,
				48837F432091BC9B0040BACB /* UIImage+WebP.m in Sources */,
				48837EAC209195920040BACB /* AppDelegate.m in Sources */,
				4870B9612099B3AA003FA601 /* IFTTTConstraintsAnimation.m in Sources */,
				48837EFC209196C70040BACB /* Constants.m in Sources */,
				48C3A0EA2093078100352FB4 /* LGSideMenuSegue.m in Sources */,
				48C3A0ED2093078100352FB4 /* LGSideMenuController.m in Sources */,
				48837F772091BFAB0040BACB /* BaseViewController.m in Sources */,
				48837F5E2091BC9B0040BACB /* SDWebImagePrefetcher.m in Sources */,
				4870B9672099B3AA003FA601 /* IFTTTAnimationKeyFrame.m in Sources */,
				48837EAD209195920040BACB /* UnifiedTabBarViewController.m in Sources */,
				48C3A08A2092F89800352FB4 /* MBProgressHUD.m in Sources */,
				48837F4F2091BC9B0040BACB /* UIImageView+HighlightedWebCache.m in Sources */,
				48837F492091BC9B0040BACB /* SDWebImageManager.m in Sources */,
				48837F672091BC9B0040BACB /* NSData+ImageContentType.m in Sources */,
				48837F582091BC9B0040BACB /* UIImage+MultiFormat.m in Sources */,
				48C3A0E42093078100352FB4 /* LGSideMenuHelper.m in Sources */,
				48837F462091BC9B0040BACB /* MKAnnotationView+WebCache.m in Sources */,
				4870B92F2099B207003FA601 /* SplashViewController.m in Sources */,
				48837F112091BBFC0040BACB /* UIBarButtonItem+Badge.m in Sources */,
				48837F5B2091BC9B0040BACB /* SDWebImageCompat.m in Sources */,
				4870B9862099B799003FA601 /* UIView+UIViewUtils.m in Sources */,
				48837F01209196DD0040BACB /* UIView+FrameAdjustments.m in Sources */,
				48C3A0F32093078100352FB4 /* UIViewController+LGSideMenuController.m in Sources */,
			);
			runOnlyForDeploymentPostprocessing = 0;
		};
		48837EB9209195E40040BACB /* Sources */ = {
			isa = PBXSourcesBuildPhase;
			buildActionMask = 2147483647;
			files = (
				48837F4D2091BC9B0040BACB /* SDWebImageDecoder.m in Sources */,
				48837F0D2091BBE80040BACB /* UINavigationBar+FixedHeightWhenStatusBarHidden.m in Sources */,
				4870B97D2099B3AA003FA601 /* IFTTTCornerRadiusAnimation.m in Sources */,
				48837F1E2091BC740040BACB /* NSString+TextDirectionality.m in Sources */,
				48837EBA209195E40040BACB /* LeftSliderViewController.m in Sources */,
				48837F732091BD020040BACB /* BaseNavigationController.m in Sources */,
				4870B9562099B3AA003FA601 /* IFTTTAngleAnimation.m in Sources */,
				48837EC0209195E40040BACB /* main.m in Sources */,
				48C3A0F12093078100352FB4 /* LGSideMenuGesturesHandler.m in Sources */,
				48837F622091BC9B0040BACB /* SDImageCache.m in Sources */,
				48837F952091CCA50040BACB /* KSReachability.m in Sources */,
				4870B9982099B7B1003FA601 /* UIView+Additions.m in Sources */,
				48837F9A2091CCFB0040BACB /* Reachability.m in Sources */,
				4870B96E2099B3AA003FA601 /* IFTTTAnimation.m in Sources */,
				48837F652091BC9B0040BACB /* SDWebImageDownloaderOperation.m in Sources */,
				48C3A0F72093078100352FB4 /* LGSideMenuBorderView.m in Sources */,
				48837EC1209195E40040BACB /* Helper.m in Sources */,
				4870B9592099B3AA003FA601 /* IFTTTAnimator.m in Sources */,
				48837F212091BC740040BACB /* NSString+Color.m in Sources */,
				48837EC4209195E40040BACB /* Utility.m in Sources */,
				48837F172091BC420040BACB /* UIButton+Badge.m in Sources */,
				48837EC5209195E40040BACB /* HomeViewController.m in Sources */,
				48837F8E2091C8FF0040BACB /* UYLPasswordManager.m in Sources */,
				4870B9652099B3AA003FA601 /* IFTTTEasingFunction.m in Sources */,
				4870B9712099B3AA003FA601 /* IFTTTScaleAnimation.m in Sources */,
				48837F6B2091BC9B0040BACB /* UIImageView+WebCache.m in Sources */,
				4870B9822099B578003FA601 /* ProjectStyle.m in Sources */,
				48837F6E2091BC9B0040BACB /* UIButton+WebCache.m in Sources */,
				4870B9742099B3AA003FA601 /* IFTTTAnimatedScrollViewController.m in Sources */,
				48837F532091BC9B0040BACB /* SDWebImageDownloader.m in Sources */,
				4870B97A2099B3AA003FA601 /* IFTTTFrameAnimation.m in Sources */,
				4870B9772099B3AA003FA601 /* IFTTTTransform3DAnimation.m in Sources */,
				4870B96B2099B3AA003FA601 /* IFTTTHideAnimation.m in Sources */,
				4870B95F2099B3AA003FA601 /* IFTTTAlphaAnimation.m in Sources */,
				48837F562091BC9B0040BACB /* UIImage+GIF.m in Sources */,
				4870B99B2099B7B1003FA601 /* UILabel+Utils.m in Sources */,
				4870B9532099B3AA003FA601 /* IFTTTAnimationFrame.m in Sources */,
				4870B95C2099B3AA003FA601 /* IFTTTColorAnimation.m in Sources */,
				48C3A0E82093078100352FB4 /* LGSideMenuView.m in Sources */,
				48837F442091BC9B0040BACB /* UIImage+WebP.m in Sources */,
				48837EC8209195E40040BACB /* AppDelegate.m in Sources */,
				4870B9622099B3AA003FA601 /* IFTTTConstraintsAnimation.m in Sources */,
				48837EFD209196C70040BACB /* Constants.m in Sources */,
				48C3A0EB2093078100352FB4 /* LGSideMenuSegue.m in Sources */,
				48C3A0EE2093078100352FB4 /* LGSideMenuController.m in Sources */,
				48837F782091BFAB0040BACB /* BaseViewController.m in Sources */,
				48837F5F2091BC9B0040BACB /* SDWebImagePrefetcher.m in Sources */,
				4870B9682099B3AA003FA601 /* IFTTTAnimationKeyFrame.m in Sources */,
				48837EC9209195E40040BACB /* UnifiedTabBarViewController.m in Sources */,
				48C3A08B2092F89800352FB4 /* MBProgressHUD.m in Sources */,
				48837F502091BC9B0040BACB /* UIImageView+HighlightedWebCache.m in Sources */,
				48837F4A2091BC9B0040BACB /* SDWebImageManager.m in Sources */,
				48837F682091BC9B0040BACB /* NSData+ImageContentType.m in Sources */,
				48837F592091BC9B0040BACB /* UIImage+MultiFormat.m in Sources */,
				48C3A0E52093078100352FB4 /* LGSideMenuHelper.m in Sources */,
				48837F472091BC9B0040BACB /* MKAnnotationView+WebCache.m in Sources */,
				4870B9302099B207003FA601 /* SplashViewController.m in Sources */,
				48837F122091BBFC0040BACB /* UIBarButtonItem+Badge.m in Sources */,
				48837F5C2091BC9B0040BACB /* SDWebImageCompat.m in Sources */,
				4870B9872099B799003FA601 /* UIView+UIViewUtils.m in Sources */,
				48837F02209196DD0040BACB /* UIView+FrameAdjustments.m in Sources */,
				48C3A0F42093078100352FB4 /* UIViewController+LGSideMenuController.m in Sources */,
			);
			runOnlyForDeploymentPostprocessing = 0;
		};
/* End PBXSourcesBuildPhase section */

/* Begin PBXVariantGroup section */
		48837F882091C21E0040BACB /* Localizable.strings */ = {
			isa = PBXVariantGroup;
			children = (
				48837F872091C21E0040BACB /* en */,
				48837F892091C2280040BACB /* fr */,
			);
			name = Localizable.strings;
			sourceTree = "<group>";
		};
/* End PBXVariantGroup section */

/* Begin XCBuildConfiguration section */
		486CCCF8209179FE004A3AD6 /* Debug */ = {
			isa = XCBuildConfiguration;
			buildSettings = {
				ALWAYS_SEARCH_USER_PATHS = NO;
				CLANG_ANALYZER_LOCALIZABILITY_NONLOCALIZED = YES;
				CLANG_ANALYZER_NONNULL = YES;
				CLANG_ANALYZER_NUMBER_OBJECT_CONVERSION = YES_AGGRESSIVE;
				CLANG_CXX_LANGUAGE_STANDARD = "gnu++14";
				CLANG_CXX_LIBRARY = "libc++";
				CLANG_ENABLE_MODULES = YES;
				CLANG_ENABLE_OBJC_ARC = YES;
				CLANG_WARN_BLOCK_CAPTURE_AUTORELEASING = YES;
				CLANG_WARN_BOOL_CONVERSION = YES;
				CLANG_WARN_COMMA = YES;
				CLANG_WARN_CONSTANT_CONVERSION = YES;
				CLANG_WARN_DIRECT_OBJC_ISA_USAGE = YES_ERROR;
				CLANG_WARN_DOCUMENTATION_COMMENTS = YES;
				CLANG_WARN_EMPTY_BODY = YES;
				CLANG_WARN_ENUM_CONVERSION = YES;
				CLANG_WARN_INFINITE_RECURSION = YES;
				CLANG_WARN_INT_CONVERSION = YES;
				CLANG_WARN_NON_LITERAL_NULL_CONVERSION = YES;
				CLANG_WARN_OBJC_LITERAL_CONVERSION = YES;
				CLANG_WARN_OBJC_ROOT_CLASS = YES_ERROR;
				CLANG_WARN_RANGE_LOOP_ANALYSIS = YES;
				CLANG_WARN_STRICT_PROTOTYPES = YES;
				CLANG_WARN_SUSPICIOUS_MOVE = YES;
				CLANG_WARN_UNGUARDED_AVAILABILITY = YES_AGGRESSIVE;
				CLANG_WARN_UNREACHABLE_CODE = YES;
				CLANG_WARN__DUPLICATE_METHOD_MATCH = YES;
				CODE_SIGN_IDENTITY = "iPhone Developer";
				COPY_PHASE_STRIP = NO;
				DEBUG_INFORMATION_FORMAT = dwarf;
				ENABLE_STRICT_OBJC_MSGSEND = YES;
				ENABLE_TESTABILITY = YES;
				GCC_C_LANGUAGE_STANDARD = gnu11;
				GCC_DYNAMIC_NO_PIC = NO;
				GCC_NO_COMMON_BLOCKS = YES;
				GCC_OPTIMIZATION_LEVEL = 0;
				GCC_PREFIX_HEADER = "${SRCROOT}/ObjC-iOS-Template/AppDefine/PrefixHeader.pch";
				GCC_PREPROCESSOR_DEFINITIONS = (
					"DEBUG=1",
					"$(inherited)",
					"DEV=1",
					"QA=1",
				);
				GCC_WARN_64_TO_32_BIT_CONVERSION = YES;
				GCC_WARN_ABOUT_RETURN_TYPE = YES_ERROR;
				GCC_WARN_UNDECLARED_SELECTOR = YES;
				GCC_WARN_UNINITIALIZED_AUTOS = YES_AGGRESSIVE;
				GCC_WARN_UNUSED_FUNCTION = YES;
				GCC_WARN_UNUSED_VARIABLE = YES;
				IPHONEOS_DEPLOYMENT_TARGET = 11.2;
				MTL_ENABLE_DEBUG_INFO = YES;
				ONLY_ACTIVE_ARCH = YES;
				SDKROOT = iphoneos;
			};
			name = Debug;
		};
		486CCCF9209179FE004A3AD6 /* Release */ = {
			isa = XCBuildConfiguration;
			buildSettings = {
				ALWAYS_SEARCH_USER_PATHS = NO;
				CLANG_ANALYZER_LOCALIZABILITY_NONLOCALIZED = YES;
				CLANG_ANALYZER_NONNULL = YES;
				CLANG_ANALYZER_NUMBER_OBJECT_CONVERSION = YES_AGGRESSIVE;
				CLANG_CXX_LANGUAGE_STANDARD = "gnu++14";
				CLANG_CXX_LIBRARY = "libc++";
				CLANG_ENABLE_MODULES = YES;
				CLANG_ENABLE_OBJC_ARC = YES;
				CLANG_WARN_BLOCK_CAPTURE_AUTORELEASING = YES;
				CLANG_WARN_BOOL_CONVERSION = YES;
				CLANG_WARN_COMMA = YES;
				CLANG_WARN_CONSTANT_CONVERSION = YES;
				CLANG_WARN_DIRECT_OBJC_ISA_USAGE = YES_ERROR;
				CLANG_WARN_DOCUMENTATION_COMMENTS = YES;
				CLANG_WARN_EMPTY_BODY = YES;
				CLANG_WARN_ENUM_CONVERSION = YES;
				CLANG_WARN_INFINITE_RECURSION = YES;
				CLANG_WARN_INT_CONVERSION = YES;
				CLANG_WARN_NON_LITERAL_NULL_CONVERSION = YES;
				CLANG_WARN_OBJC_LITERAL_CONVERSION = YES;
				CLANG_WARN_OBJC_ROOT_CLASS = YES_ERROR;
				CLANG_WARN_RANGE_LOOP_ANALYSIS = YES;
				CLANG_WARN_STRICT_PROTOTYPES = YES;
				CLANG_WARN_SUSPICIOUS_MOVE = YES;
				CLANG_WARN_UNGUARDED_AVAILABILITY = YES_AGGRESSIVE;
				CLANG_WARN_UNREACHABLE_CODE = YES;
				CLANG_WARN__DUPLICATE_METHOD_MATCH = YES;
				CODE_SIGN_IDENTITY = "iPhone Developer";
				COPY_PHASE_STRIP = NO;
				DEBUG_INFORMATION_FORMAT = "dwarf-with-dsym";
				ENABLE_NS_ASSERTIONS = NO;
				ENABLE_STRICT_OBJC_MSGSEND = YES;
				GCC_C_LANGUAGE_STANDARD = gnu11;
				GCC_NO_COMMON_BLOCKS = YES;
				GCC_PREFIX_HEADER = "${SRCROOT}/ObjC-iOS-Template/AppDefine/PrefixHeader.pch";
				GCC_PREPROCESSOR_DEFINITIONS = (
					"QA=1",
					"DEV=1",
				);
				GCC_WARN_64_TO_32_BIT_CONVERSION = YES;
				GCC_WARN_ABOUT_RETURN_TYPE = YES_ERROR;
				GCC_WARN_UNDECLARED_SELECTOR = YES;
				GCC_WARN_UNINITIALIZED_AUTOS = YES_AGGRESSIVE;
				GCC_WARN_UNUSED_FUNCTION = YES;
				GCC_WARN_UNUSED_VARIABLE = YES;
				IPHONEOS_DEPLOYMENT_TARGET = 11.2;
				MTL_ENABLE_DEBUG_INFO = NO;
				SDKROOT = iphoneos;
				VALIDATE_PRODUCT = YES;
			};
			name = Release;
		};
		486CCCFB209179FE004A3AD6 /* Debug */ = {
			isa = XCBuildConfiguration;
			buildSettings = {
				ASSETCATALOG_COMPILER_APPICON_NAME = AppIcon;
				CODE_SIGN_STYLE = Automatic;
				DEVELOPMENT_TEAM = P3DW42E4PH;
				GCC_PREFIX_HEADER = "$(inherited)";
				GCC_PREPROCESSOR_DEFINITIONS = "$(inherited)";
				INFOPLIST_FILE = "ObjC-iOS-Template/Info.plist";
				LD_RUNPATH_SEARCH_PATHS = "$(inherited) @executable_path/Frameworks";
				PRODUCT_BUNDLE_IDENTIFIER = "o00ontcong.ObjC-iOS-Template";
				PRODUCT_NAME = "$(TARGET_NAME)";
				TARGETED_DEVICE_FAMILY = "1,2";
			};
			name = Debug;
		};
		486CCCFC209179FE004A3AD6 /* Release */ = {
			isa = XCBuildConfiguration;
			buildSettings = {
				ASSETCATALOG_COMPILER_APPICON_NAME = AppIcon;
				CODE_SIGN_STYLE = Automatic;
				DEVELOPMENT_TEAM = P3DW42E4PH;
				GCC_PREFIX_HEADER = "$(inherited)";
				GCC_PREPROCESSOR_DEFINITIONS = "$(inherited)";
				INFOPLIST_FILE = "ObjC-iOS-Template/Info.plist";
				LD_RUNPATH_SEARCH_PATHS = "$(inherited) @executable_path/Frameworks";
				PRODUCT_BUNDLE_IDENTIFIER = "o00ontcong.ObjC-iOS-Template";
				PRODUCT_NAME = "$(TARGET_NAME)";
				TARGETED_DEVICE_FAMILY = "1,2";
			};
			name = Release;
		};
		48837EB4209195920040BACB /* Debug */ = {
			isa = XCBuildConfiguration;
			buildSettings = {
				ASSETCATALOG_COMPILER_APPICON_NAME = AppIcon;
				CODE_SIGN_STYLE = Automatic;
				DEVELOPMENT_TEAM = P3DW42E4PH;
				GCC_PREFIX_HEADER = "$(inherited)";
				INFOPLIST_FILE = "ObjC-iOS-Template copy2-Info.plist";
				LD_RUNPATH_SEARCH_PATHS = "$(inherited) @executable_path/Frameworks";
				PRODUCT_BUNDLE_IDENTIFIER = "o00ontcong.ObjC-iOS-Template";
				PRODUCT_NAME = "$(TARGET_NAME)";
				TARGETED_DEVICE_FAMILY = "1,2";
			};
			name = Debug;
		};
		48837EB5209195920040BACB /* Release */ = {
			isa = XCBuildConfiguration;
			buildSettings = {
				ASSETCATALOG_COMPILER_APPICON_NAME = AppIcon;
				CODE_SIGN_STYLE = Automatic;
				DEVELOPMENT_TEAM = P3DW42E4PH;
				GCC_PREFIX_HEADER = "$(inherited)";
				INFOPLIST_FILE = "ObjC-iOS-Template copy2-Info.plist";
				LD_RUNPATH_SEARCH_PATHS = "$(inherited) @executable_path/Frameworks";
				PRODUCT_BUNDLE_IDENTIFIER = "o00ontcong.ObjC-iOS-Template";
				PRODUCT_NAME = "$(TARGET_NAME)";
				TARGETED_DEVICE_FAMILY = "1,2";
			};
			name = Release;
		};
		48837ED0209195E40040BACB /* Debug */ = {
			isa = XCBuildConfiguration;
			buildSettings = {
				ASSETCATALOG_COMPILER_APPICON_NAME = AppIcon;
				CODE_SIGN_STYLE = Automatic;
				DEVELOPMENT_TEAM = P3DW42E4PH;
				GCC_PREFIX_HEADER = "$(inherited)";
				INFOPLIST_FILE = "ObjC-iOS-TemplateQA copy-Info.plist";
				LD_RUNPATH_SEARCH_PATHS = "$(inherited) @executable_path/Frameworks";
				PRODUCT_BUNDLE_IDENTIFIER = "o00ontcong.ObjC-iOS-Template";
				PRODUCT_NAME = "$(TARGET_NAME)";
				TARGETED_DEVICE_FAMILY = "1,2";
			};
			name = Debug;
		};
		48837ED1209195E40040BACB /* Release */ = {
			isa = XCBuildConfiguration;
			buildSettings = {
				ASSETCATALOG_COMPILER_APPICON_NAME = AppIcon;
				CODE_SIGN_STYLE = Automatic;
				DEVELOPMENT_TEAM = P3DW42E4PH;
				GCC_PREFIX_HEADER = "$(inherited)";
				INFOPLIST_FILE = "ObjC-iOS-TemplateQA copy-Info.plist";
				LD_RUNPATH_SEARCH_PATHS = "$(inherited) @executable_path/Frameworks";
				PRODUCT_BUNDLE_IDENTIFIER = "o00ontcong.ObjC-iOS-Template";
				PRODUCT_NAME = "$(TARGET_NAME)";
				TARGETED_DEVICE_FAMILY = "1,2";
			};
			name = Release;
		};
/* End XCBuildConfiguration section */

/* Begin XCConfigurationList section */
		486CCCDF209179FE004A3AD6 /* Build configuration list for PBXProject "ObjC-iOS-Template" */ = {
			isa = XCConfigurationList;
			buildConfigurations = (
				486CCCF8209179FE004A3AD6 /* Debug */,
				486CCCF9209179FE004A3AD6 /* Release */,
			);
			defaultConfigurationIsVisible = 0;
			defaultConfigurationName = Release;
		};
		486CCCFA209179FE004A3AD6 /* Build configuration list for PBXNativeTarget "ObjC-iOS-TemplateDEV" */ = {
			isa = XCConfigurationList;
			buildConfigurations = (
				486CCCFB209179FE004A3AD6 /* Debug */,
				486CCCFC209179FE004A3AD6 /* Release */,
			);
			defaultConfigurationIsVisible = 0;
			defaultConfigurationName = Release;
		};
		48837EB3209195920040BACB /* Build configuration list for PBXNativeTarget "ObjC-iOS-TemplateQA" */ = {
			isa = XCConfigurationList;
			buildConfigurations = (
				48837EB4209195920040BACB /* Debug */,
				48837EB5209195920040BACB /* Release */,
			);
			defaultConfigurationIsVisible = 0;
			defaultConfigurationName = Release;
		};
		48837ECF209195E40040BACB /* Build configuration list for PBXNativeTarget "ObjC-iOS-TemplatePROD" */ = {
			isa = XCConfigurationList;
			buildConfigurations = (
				48837ED0209195E40040BACB /* Debug */,
				48837ED1209195E40040BACB /* Release */,
			);
			defaultConfigurationIsVisible = 0;
			defaultConfigurationName = Release;
		};
/* End XCConfigurationList section */
	};
	rootObject = 486CCCDC209179FE004A3AD6 /* Project object */;
}
